// !$*UTF8*$!
{
	archiveVersion = 1;
	classes = {
	};
	objectVersion = 46;
	objects = {

/* Begin PBXBuildFile section */
		EAFF2C0F1CEE1D930025FC27 /* AppDelegate.swift in Sources */ = {isa = PBXBuildFile; fileRef = EAFF2C0E1CEE1D930025FC27 /* AppDelegate.swift */; };
		EAFF2C111CEE1D930025FC27 /* ViewController.swift in Sources */ = {isa = PBXBuildFile; fileRef = EAFF2C101CEE1D930025FC27 /* ViewController.swift */; };
		EAFF2C141CEE1D930025FC27 /* Main.storyboard in Resources */ = {isa = PBXBuildFile; fileRef = EAFF2C121CEE1D930025FC27 /* Main.storyboard */; };
		EAFF2C161CEE1D930025FC27 /* Assets.xcassets in Resources */ = {isa = PBXBuildFile; fileRef = EAFF2C151CEE1D930025FC27 /* Assets.xcassets */; };
		EAFF2C191CEE1D930025FC27 /* LaunchScreen.storyboard in Resources */ = {isa = PBXBuildFile; fileRef = EAFF2C171CEE1D930025FC27 /* LaunchScreen.storyboard */; };
		EAFF2C241CEE1D930025FC27 /* InterAppLoginUITests.swift in Sources */ = {isa = PBXBuildFile; fileRef = EAFF2C231CEE1D930025FC27 /* InterAppLoginUITests.swift */; };
/* End PBXBuildFile section */

/* Begin PBXContainerItemProxy section */
		EAFF2C201CEE1D930025FC27 /* PBXContainerItemProxy */ = {
			isa = PBXContainerItemProxy;
			containerPortal = EAFF2C031CEE1D930025FC27 /* Project object */;
			proxyType = 1;
			remoteGlobalIDString = EAFF2C0A1CEE1D930025FC27;
			remoteInfo = InterAppLogin;
		};
/* End PBXContainerItemProxy section */

/* Begin PBXFileReference section */
		EAFF2C0B1CEE1D930025FC27 /* InterAppLogin.app */ = {isa = PBXFileReference; explicitFileType = wrapper.application; includeInIndex = 0; path = InterAppLogin.app; sourceTree = BUILT_PRODUCTS_DIR; };
		EAFF2C0E1CEE1D930025FC27 /* AppDelegate.swift */ = {isa = PBXFileReference; lastKnownFileType = sourcecode.swift; path = AppDelegate.swift; sourceTree = "<group>"; };
		EAFF2C101CEE1D930025FC27 /* ViewController.swift */ = {isa = PBXFileReference; lastKnownFileType = sourcecode.swift; path = ViewController.swift; sourceTree = "<group>"; };
		EAFF2C131CEE1D930025FC27 /* Base */ = {isa = PBXFileReference; lastKnownFileType = file.storyboard; name = Base; path = Base.lproj/Main.storyboard; sourceTree = "<group>"; };
		EAFF2C151CEE1D930025FC27 /* Assets.xcassets */ = {isa = PBXFileReference; lastKnownFileType = folder.assetcatalog; path = Assets.xcassets; sourceTree = "<group>"; };
		EAFF2C181CEE1D930025FC27 /* Base */ = {isa = PBXFileReference; lastKnownFileType = file.storyboard; name = Base; path = Base.lproj/LaunchScreen.storyboard; sourceTree = "<group>"; };
		EAFF2C1A1CEE1D930025FC27 /* Info.plist */ = {isa = PBXFileReference; lastKnownFileType = text.plist.xml; path = Info.plist; sourceTree = "<group>"; };
		EAFF2C1F1CEE1D930025FC27 /* InterAppLoginUITests.xctest */ = {isa = PBXFileReference; explicitFileType = wrapper.cfbundle; includeInIndex = 0; path = InterAppLoginUITests.xctest; sourceTree = BUILT_PRODUCTS_DIR; };
		EAFF2C231CEE1D930025FC27 /* InterAppLoginUITests.swift */ = {isa = PBXFileReference; lastKnownFileType = sourcecode.swift; path = InterAppLoginUITests.swift; sourceTree = "<group>"; };
		EAFF2C251CEE1D930025FC27 /* Info.plist */ = {isa = PBXFileReference; lastKnownFileType = text.plist.xml; path = Info.plist; sourceTree = "<group>"; };
/* End PBXFileReference section */

/* Begin PBXFrameworksBuildPhase section */
		EAFF2C081CEE1D930025FC27 /* Frameworks */ = {
			isa = PBXFrameworksBuildPhase;
			buildActionMask = 2147483647;
			files = (
			);
			runOnlyForDeploymentPostprocessing = 0;
		};
		EAFF2C1C1CEE1D930025FC27 /* Frameworks */ = {
			isa = PBXFrameworksBuildPhase;
			buildActionMask = 2147483647;
			files = (
			);
			runOnlyForDeploymentPostprocessing = 0;
		};
/* End PBXFrameworksBuildPhase section */

/* Begin PBXGroup section */
		EAFF2C021CEE1D930025FC27 = {
			isa = PBXGroup;
			children = (
				EAFF2C0D1CEE1D930025FC27 /* InterAppLogin */,
				EAFF2C221CEE1D930025FC27 /* InterAppLoginUITests */,
				EAFF2C0C1CEE1D930025FC27 /* Products */,
			);
			sourceTree = "<group>";
		};
		EAFF2C0C1CEE1D930025FC27 /* Products */ = {
			isa = PBXGroup;
			children = (
				EAFF2C0B1CEE1D930025FC27 /* InterAppLogin.app */,
				EAFF2C1F1CEE1D930025FC27 /* InterAppLoginUITests.xctest */,
			);
			name = Products;
			sourceTree = "<group>";
		};
		EAFF2C0D1CEE1D930025FC27 /* InterAppLogin */ = {
			isa = PBXGroup;
			children = (
				EAFF2C0E1CEE1D930025FC27 /* AppDelegate.swift */,
				EAFF2C101CEE1D930025FC27 /* ViewController.swift */,
				EAFF2C121CEE1D930025FC27 /* Main.storyboard */,
				EAFF2C2E1CEE20280025FC27 /* Supporting Files */,
			);
			path = InterAppLogin;
			sourceTree = "<group>";
		};
		EAFF2C221CEE1D930025FC27 /* InterAppLoginUITests */ = {
			isa = PBXGroup;
			children = (
				EAFF2C231CEE1D930025FC27 /* InterAppLoginUITests.swift */,
				EAFF2C251CEE1D930025FC27 /* Info.plist */,
			);
			path = InterAppLoginUITests;
			sourceTree = "<group>";
		};
		EAFF2C2E1CEE20280025FC27 /* Supporting Files */ = {
			isa = PBXGroup;
			children = (
				EAFF2C151CEE1D930025FC27 /* Assets.xcassets */,
				EAFF2C171CEE1D930025FC27 /* LaunchScreen.storyboard */,
				EAFF2C1A1CEE1D930025FC27 /* Info.plist */,
			);
			name = "Supporting Files";
			sourceTree = "<group>";
		};
/* End PBXGroup section */

/* Begin PBXNativeTarget section */
		EAFF2C0A1CEE1D930025FC27 /* InterAppLogin */ = {
			isa = PBXNativeTarget;
			buildConfigurationList = EAFF2C281CEE1D930025FC27 /* Build configuration list for PBXNativeTarget "InterAppLogin" */;
			buildPhases = (
				EAFF2C071CEE1D930025FC27 /* Sources */,
				EAFF2C081CEE1D930025FC27 /* Frameworks */,
				EAFF2C091CEE1D930025FC27 /* Resources */,
			);
			buildRules = (
			);
			dependencies = (
			);
			name = InterAppLogin;
			productName = InterAppLogin;
			productReference = EAFF2C0B1CEE1D930025FC27 /* InterAppLogin.app */;
			productType = "com.apple.product-type.application";
		};
		EAFF2C1E1CEE1D930025FC27 /* InterAppLoginUITests */ = {
			isa = PBXNativeTarget;
			buildConfigurationList = EAFF2C2B1CEE1D930025FC27 /* Build configuration list for PBXNativeTarget "InterAppLoginUITests" */;
			buildPhases = (
				EAFF2C1B1CEE1D930025FC27 /* Sources */,
				EAFF2C1C1CEE1D930025FC27 /* Frameworks */,
				EAFF2C1D1CEE1D930025FC27 /* Resources */,
			);
			buildRules = (
			);
			dependencies = (
				EAFF2C211CEE1D930025FC27 /* PBXTargetDependency */,
			);
			name = InterAppLoginUITests;
			productName = InterAppLoginUITests;
			productReference = EAFF2C1F1CEE1D930025FC27 /* InterAppLoginUITests.xctest */;
			productType = "com.apple.product-type.bundle.ui-testing";
		};
/* End PBXNativeTarget section */

/* Begin PBXProject section */
		EAFF2C031CEE1D930025FC27 /* Project object */ = {
			isa = PBXProject;
			attributes = {
				LastSwiftUpdateCheck = 0730;
				LastUpgradeCheck = 0940;
				ORGANIZATIONNAME = tm;
				TargetAttributes = {
					EAFF2C0A1CEE1D930025FC27 = {
						CreatedOnToolsVersion = 7.3.1;
						LastSwiftMigration = 0940;
					};
					EAFF2C1E1CEE1D930025FC27 = {
						CreatedOnToolsVersion = 7.3.1;
						LastSwiftMigration = 0940;
						TestTargetID = EAFF2C0A1CEE1D930025FC27;
					};
				};
			};
			buildConfigurationList = EAFF2C061CEE1D930025FC27 /* Build configuration list for PBXProject "InterAppLogin" */;
			compatibilityVersion = "Xcode 3.2";
			developmentRegion = English;
			hasScannedForEncodings = 0;
			knownRegions = (
				en,
				Base,
			);
			mainGroup = EAFF2C021CEE1D930025FC27;
			productRefGroup = EAFF2C0C1CEE1D930025FC27 /* Products */;
			projectDirPath = "";
			projectRoot = "";
			targets = (
				EAFF2C0A1CEE1D930025FC27 /* InterAppLogin */,
				EAFF2C1E1CEE1D930025FC27 /* InterAppLoginUITests */,
			);
		};
/* End PBXProject section */

/* Begin PBXResourcesBuildPhase section */
		EAFF2C091CEE1D930025FC27 /* Resources */ = {
			isa = PBXResourcesBuildPhase;
			buildActionMask = 2147483647;
			files = (
				EAFF2C191CEE1D930025FC27 /* LaunchScreen.storyboard in Resources */,
				EAFF2C161CEE1D930025FC27 /* Assets.xcassets in Resources */,
				EAFF2C141CEE1D930025FC27 /* Main.storyboard in Resources */,
			);
			runOnlyForDeploymentPostprocessing = 0;
		};
		EAFF2C1D1CEE1D930025FC27 /* Resources */ = {
			isa = PBXResourcesBuildPhase;
			buildActionMask = 2147483647;
			files = (
			);
			runOnlyForDeploymentPostprocessing = 0;
		};
/* End PBXResourcesBuildPhase section */

/* Begin PBXSourcesBuildPhase section */
		EAFF2C071CEE1D930025FC27 /* Sources */ = {
			isa = PBXSourcesBuildPhase;
			buildActionMask = 2147483647;
			files = (
				EAFF2C111CEE1D930025FC27 /* ViewController.swift in Sources */,
				EAFF2C0F1CEE1D930025FC27 /* AppDelegate.swift in Sources */,
			);
			runOnlyForDeploymentPostprocessing = 0;
		};
		EAFF2C1B1CEE1D930025FC27 /* Sources */ = {
			isa = PBXSourcesBuildPhase;
			buildActionMask = 2147483647;
			files = (
				EAFF2C241CEE1D930025FC27 /* InterAppLoginUITests.swift in Sources */,
			);
			runOnlyForDeploymentPostprocessing = 0;
		};
/* End PBXSourcesBuildPhase section */

/* Begin PBXTargetDependency section */
		EAFF2C211CEE1D930025FC27 /* PBXTargetDependency */ = {
			isa = PBXTargetDependency;
			target = EAFF2C0A1CEE1D930025FC27 /* InterAppLogin */;
			targetProxy = EAFF2C201CEE1D930025FC27 /* PBXContainerItemProxy */;
		};
/* End PBXTargetDependency section */

/* Begin PBXVariantGroup section */
		EAFF2C121CEE1D930025FC27 /* Main.storyboard */ = {
			isa = PBXVariantGroup;
			children = (
				EAFF2C131CEE1D930025FC27 /* Base */,
			);
			name = Main.storyboard;
			sourceTree = "<group>";
		};
		EAFF2C171CEE1D930025FC27 /* LaunchScreen.storyboard */ = {
			isa = PBXVariantGroup;
			children = (
				EAFF2C181CEE1D930025FC27 /* Base */,
			);
			name = LaunchScreen.storyboard;
			sourceTree = "<group>";
		};
/* End PBXVariantGroup section */

/* Begin XCBuildConfiguration section */
		EAFF2C261CEE1D930025FC27 /* Debug */ = {
			isa = XCBuildConfiguration;
			buildSettings = {
				ALWAYS_SEARCH_USER_PATHS = NO;
				CLANG_ANALYZER_NONNULL = YES;
				CLANG_CXX_LANGUAGE_STANDARD = "gnu++0x";
				CLANG_CXX_LIBRARY = "libc++";
				CLANG_ENABLE_MODULES = YES;
				CLANG_ENABLE_OBJC_ARC = YES;
				CLANG_WARN_BLOCK_CAPTURE_AUTORELEASING = YES;
				CLANG_WARN_BOOL_CONVERSION = YES;
				CLANG_WARN_COMMA = YES;
				CLANG_WARN_CONSTANT_CONVERSION = YES;
				CLANG_WARN_DEPRECATED_OBJC_IMPLEMENTATIONS = YES;
				CLANG_WARN_DIRECT_OBJC_ISA_USAGE = YES_ERROR;
				CLANG_WARN_EMPTY_BODY = YES;
				CLANG_WARN_ENUM_CONVERSION = YES;
				CLANG_WARN_INFINITE_RECURSION = YES;
				CLANG_WARN_INT_CONVERSION = YES;
				CLANG_WARN_NON_LITERAL_NULL_CONVERSION = YES;
				CLANG_WARN_OBJC_IMPLICIT_RETAIN_SELF = YES;
				CLANG_WARN_OBJC_LITERAL_CONVERSION = YES;
				CLANG_WARN_OBJC_ROOT_CLASS = YES_ERROR;
				CLANG_WARN_RANGE_LOOP_ANALYSIS = YES;
				CLANG_WARN_STRICT_PROTOTYPES = YES;
				CLANG_WARN_SUSPICIOUS_MOVE = YES;
				CLANG_WARN_UNREACHABLE_CODE = YES;
				CLANG_WARN__DUPLICATE_METHOD_MATCH = YES;
				"CODE_SIGN_IDENTITY[sdk=iphoneos*]" = "iPhone Developer";
				COPY_PHASE_STRIP = NO;
				DEBUG_INFORMATION_FORMAT = dwarf;
				ENABLE_STRICT_OBJC_MSGSEND = YES;
				ENABLE_TESTABILITY = YES;
				GCC_C_LANGUAGE_STANDARD = gnu99;
				GCC_DYNAMIC_NO_PIC = NO;
				GCC_NO_COMMON_BLOCKS = YES;
				GCC_OPTIMIZATION_LEVEL = 0;
				GCC_PREPROCESSOR_DEFINITIONS = (
					"DEBUG=1",
					"$(inherited)",
				);
				GCC_WARN_64_TO_32_BIT_CONVERSION = YES;
				GCC_WARN_ABOUT_RETURN_TYPE = YES_ERROR;
				GCC_WARN_UNDECLARED_SELECTOR = YES;
				GCC_WARN_UNINITIALIZED_AUTOS = YES_AGGRESSIVE;
				GCC_WARN_UNUSED_FUNCTION = YES;
				GCC_WARN_UNUSED_VARIABLE = YES;
				IPHONEOS_DEPLOYMENT_TARGET = 9.3;
				MTL_ENABLE_DEBUG_INFO = YES;
				ONLY_ACTIVE_ARCH = YES;
				SDKROOT = iphoneos;
				SWIFT_OPTIMIZATION_LEVEL = "-Onone";
				TARGETED_DEVICE_FAMILY = "1,2";
			};
			name = Debug;
		};
		EAFF2C271CEE1D930025FC27 /* Release */ = {
			isa = XCBuildConfiguration;
			buildSettings = {
				ALWAYS_SEARCH_USER_PATHS = NO;
				CLANG_ANALYZER_NONNULL = YES;
				CLANG_CXX_LANGUAGE_STANDARD = "gnu++0x";
				CLANG_CXX_LIBRARY = "libc++";
				CLANG_ENABLE_MODULES = YES;
				CLANG_ENABLE_OBJC_ARC = YES;
				CLANG_WARN_BLOCK_CAPTURE_AUTORELEASING = YES;
				CLANG_WARN_BOOL_CONVERSION = YES;
				CLANG_WARN_COMMA = YES;
				CLANG_WARN_CONSTANT_CONVERSION = YES;
				CLANG_WARN_DEPRECATED_OBJC_IMPLEMENTATIONS = YES;
				CLANG_WARN_DIRECT_OBJC_ISA_USAGE = YES_ERROR;
				CLANG_WARN_EMPTY_BODY = YES;
				CLANG_WARN_ENUM_CONVERSION = YES;
				CLANG_WARN_INFINITE_RECURSION = YES;
				CLANG_WARN_INT_CONVERSION = YES;
				CLANG_WARN_NON_LITERAL_NULL_CONVERSION = YES;
				CLANG_WARN_OBJC_IMPLICIT_RETAIN_SELF = YES;
				CLANG_WARN_OBJC_LITERAL_CONVERSION = YES;
				CLANG_WARN_OBJC_ROOT_CLASS = YES_ERROR;
				CLANG_WARN_RANGE_LOOP_ANALYSIS = YES;
				CLANG_WARN_STRICT_PROTOTYPES = YES;
				CLANG_WARN_SUSPICIOUS_MOVE = YES;
				CLANG_WARN_UNREACHABLE_CODE = YES;
				CLANG_WARN__DUPLICATE_METHOD_MATCH = YES;
				"CODE_SIGN_IDENTITY[sdk=iphoneos*]" = "iPhone Developer";
				COPY_PHASE_STRIP = NO;
				DEBUG_INFORMATION_FORMAT = "dwarf-with-dsym";
				ENABLE_NS_ASSERTIONS = NO;
				ENABLE_STRICT_OBJC_MSGSEND = YES;
				GCC_C_LANGUAGE_STANDARD = gnu99;
				GCC_NO_COMMON_BLOCKS = YES;
				GCC_WARN_64_TO_32_BIT_CONVERSION = YES;
				GCC_WARN_ABOUT_RETURN_TYPE = YES_ERROR;
				GCC_WARN_UNDECLARED_SELECTOR = YES;
				GCC_WARN_UNINITIALIZED_AUTOS = YES_AGGRESSIVE;
				GCC_WARN_UNUSED_FUNCTION = YES;
				GCC_WARN_UNUSED_VARIABLE = YES;
				IPHONEOS_DEPLOYMENT_TARGET = 9.3;
				MTL_ENABLE_DEBUG_INFO = NO;
				SDKROOT = iphoneos;
				SWIFT_OPTIMIZATION_LEVEL = "-Owholemodule";
				TARGETED_DEVICE_FAMILY = "1,2";
				VALIDATE_PRODUCT = YES;
			};
			name = Release;
		};
		EAFF2C291CEE1D930025FC27 /* Debug */ = {
			isa = XCBuildConfiguration;
			buildSettings = {
				ASSETCATALOG_COMPILER_APPICON_NAME = AppIcon;
				INFOPLIST_FILE = InterAppLogin/Info.plist;
				LD_RUNPATH_SEARCH_PATHS = "$(inherited) @executable_path/Frameworks";
				PRODUCT_BUNDLE_IDENTIFIER = com.tm.InterAppLogin;
				PRODUCT_NAME = "$(TARGET_NAME)";
				SWIFT_SWIFT3_OBJC_INFERENCE = Default;
				SWIFT_VERSION = 4.0;
			};
			name = Debug;
		};
		EAFF2C2A1CEE1D930025FC27 /* Release */ = {
			isa = XCBuildConfiguration;
			buildSettings = {
				ASSETCATALOG_COMPILER_APPICON_NAME = AppIcon;
				INFOPLIST_FILE = InterAppLogin/Info.plist;
				LD_RUNPATH_SEARCH_PATHS = "$(inherited) @executable_path/Frameworks";
				PRODUCT_BUNDLE_IDENTIFIER = com.tm.InterAppLogin;
				PRODUCT_NAME = "$(TARGET_NAME)";
				SWIFT_SWIFT3_OBJC_INFERENCE = Default;
				SWIFT_VERSION = 4.0;
			};
			name = Release;
		};
		EAFF2C2C1CEE1D930025FC27 /* Debug */ = {
			isa = XCBuildConfiguration;
			buildSettings = {
				INFOPLIST_FILE = InterAppLoginUITests/Info.plist;
				LD_RUNPATH_SEARCH_PATHS = "$(inherited) @executable_path/Frameworks @loader_path/Frameworks";
				PRODUCT_BUNDLE_IDENTIFIER = com.tm.InterAppLoginUITests;
				PRODUCT_NAME = "$(TARGET_NAME)";
				SWIFT_VERSION = 4.0;
				TEST_TARGET_NAME = InterAppLogin;
			};
			name = Debug;
		};
		EAFF2C2D1CEE1D930025FC27 /* Release */ = {
			isa = XCBuildConfiguration;
			buildSettings = {
				INFOPLIST_FILE = InterAppLoginUITests/Info.plist;
				LD_RUNPATH_SEARCH_PATHS = "$(inherited) @executable_path/Frameworks @loader_path/Frameworks";
				PRODUCT_BUNDLE_IDENTIFIER = com.tm.InterAppLoginUITests;
				PRODUCT_NAME = "$(TARGET_NAME)";
				SWIFT_VERSION = 4.0;
				TEST_TARGET_NAME = InterAppLogin;
			};
			name = Release;
		};
/* End XCBuildConfiguration section */

/* Begin XCConfigurationList section */
		EAFF2C061CEE1D930025FC27 /* Build configuration list for PBXProject "InterAppLogin" */ = {
			isa = XCConfigurationList;
			buildConfigurations = (
				EAFF2C261CEE1D930025FC27 /* Debug */,
				EAFF2C271CEE1D930025FC27 /* Release */,
			);
			defaultConfigurationIsVisible = 0;
			defaultConfigurationName = Release;
		};
		EAFF2C281CEE1D930025FC27 /* Build configuration list for PBXNativeTarget "InterAppLogin" */ = {
			isa = XCConfigurationList;
			buildConfigurations = (
				EAFF2C291CEE1D930025FC27 /* Debug */,
				EAFF2C2A1CEE1D930025FC27 /* Release */,
			);
			defaultConfigurationIsVisible = 0;
			defaultConfigurationName = Release;
		};
		EAFF2C2B1CEE1D930025FC27 /* Build configuration list for PBXNativeTarget "InterAppLoginUITests" */ = {
			isa = XCConfigurationList;
			buildConfigurations = (
				EAFF2C2C1CEE1D930025FC27 /* Debug */,
				EAFF2C2D1CEE1D930025FC27 /* Release */,
			);
			defaultConfigurationIsVisible = 0;
			defaultConfigurationName = Release;
		};
/* End XCConfigurationList section */
	};
	rootObject = EAFF2C031CEE1D930025FC27 /* Project object */;
}
