// !$*UTF8*$!
{
	archiveVersion = 1;
	classes = {
	};
	objectVersion = 46;
	objects = {

/* Begin PBXBuildFile section */
		EA129BFA1CD2381C003DBD34 /* AppDelegate.swift in Sources */ = {isa = PBXBuildFile; fileRef = EA129BF91CD2381C003DBD34 /* AppDelegate.swift */; };
		EA129BFC1CD2381C003DBD34 /* ViewController.swift in Sources */ = {isa = PBXBuildFile; fileRef = EA129BFB1CD2381C003DBD34 /* ViewController.swift */; };
		EA129BFF1CD2381C003DBD34 /* Main.storyboard in Resources */ = {isa = PBXBuildFile; fileRef = EA129BFD1CD2381C003DBD34 /* Main.storyboard */; };
		EA129C011CD2381C003DBD34 /* Assets.xcassets in Resources */ = {isa = PBXBuildFile; fileRef = EA129C001CD2381C003DBD34 /* Assets.xcassets */; };
		EA129C041CD2381C003DBD34 /* LaunchScreen.storyboard in Resources */ = {isa = PBXBuildFile; fileRef = EA129C021CD2381C003DBD34 /* LaunchScreen.storyboard */; };
		EA129C0F1CD2381C003DBD34 /* LoginPresenterTests.swift in Sources */ = {isa = PBXBuildFile; fileRef = EA129C0E1CD2381C003DBD34 /* LoginPresenterTests.swift */; };
		EA129C1A1CD2381C003DBD34 /* LoginUITests.swift in Sources */ = {isa = PBXBuildFile; fileRef = EA129C191CD2381C003DBD34 /* LoginUITests.swift */; };
		EA5350141CD8C65D0041381F /* LoginPresenter.swift in Sources */ = {isa = PBXBuildFile; fileRef = EA5350131CD8C65D0041381F /* LoginPresenter.swift */; };
		EA5350171CD8C6910041381F /* LoginView.swift in Sources */ = {isa = PBXBuildFile; fileRef = EA5350161CD8C6910041381F /* LoginView.swift */; };
		EA5350191CD8C77B0041381F /* Credentials.swift in Sources */ = {isa = PBXBuildFile; fileRef = EA5350181CD8C77B0041381F /* Credentials.swift */; };
		EA53501B1CD8CA4A0041381F /* LoginService.swift in Sources */ = {isa = PBXBuildFile; fileRef = EA53501A1CD8CA4A0041381F /* LoginService.swift */; };
		EA53501D1CD8CC7D0041381F /* SpyLoginView.swift in Sources */ = {isa = PBXBuildFile; fileRef = EA53501C1CD8CC7D0041381F /* SpyLoginView.swift */; };
		EA53501F1CD8CC9E0041381F /* SpyLoginService.swift in Sources */ = {isa = PBXBuildFile; fileRef = EA53501E1CD8CC9E0041381F /* SpyLoginService.swift */; };
		EA5350271CD8D0190041381F /* LoginServiceDelegate.swift in Sources */ = {isa = PBXBuildFile; fileRef = EA5350251CD8CFDB0041381F /* LoginServiceDelegate.swift */; };
/* End PBXBuildFile section */

/* Begin PBXContainerItemProxy section */
		EA129C0B1CD2381C003DBD34 /* PBXContainerItemProxy */ = {
			isa = PBXContainerItemProxy;
			containerPortal = EA129BEE1CD2381B003DBD34 /* Project object */;
			proxyType = 1;
			remoteGlobalIDString = EA129BF51CD2381C003DBD34;
			remoteInfo = Login;
		};
		EA129C161CD2381C003DBD34 /* PBXContainerItemProxy */ = {
			isa = PBXContainerItemProxy;
			containerPortal = EA129BEE1CD2381B003DBD34 /* Project object */;
			proxyType = 1;
			remoteGlobalIDString = EA129BF51CD2381C003DBD34;
			remoteInfo = Login;
		};
/* End PBXContainerItemProxy section */

/* Begin PBXFileReference section */
		EA129BF61CD2381C003DBD34 /* Login.app */ = {isa = PBXFileReference; explicitFileType = wrapper.application; includeInIndex = 0; path = Login.app; sourceTree = BUILT_PRODUCTS_DIR; };
		EA129BF91CD2381C003DBD34 /* AppDelegate.swift */ = {isa = PBXFileReference; lastKnownFileType = sourcecode.swift; path = AppDelegate.swift; sourceTree = "<group>"; };
		EA129BFB1CD2381C003DBD34 /* ViewController.swift */ = {isa = PBXFileReference; lastKnownFileType = sourcecode.swift; path = ViewController.swift; sourceTree = "<group>"; };
		EA129BFE1CD2381C003DBD34 /* Base */ = {isa = PBXFileReference; lastKnownFileType = file.storyboard; name = Base; path = Base.lproj/Main.storyboard; sourceTree = "<group>"; };
		EA129C001CD2381C003DBD34 /* Assets.xcassets */ = {isa = PBXFileReference; lastKnownFileType = folder.assetcatalog; path = Assets.xcassets; sourceTree = "<group>"; };
		EA129C031CD2381C003DBD34 /* Base */ = {isa = PBXFileReference; lastKnownFileType = file.storyboard; name = Base; path = Base.lproj/LaunchScreen.storyboard; sourceTree = "<group>"; };
		EA129C051CD2381C003DBD34 /* Info.plist */ = {isa = PBXFileReference; lastKnownFileType = text.plist.xml; path = Info.plist; sourceTree = "<group>"; };
		EA129C0A1CD2381C003DBD34 /* LoginTests.xctest */ = {isa = PBXFileReference; explicitFileType = wrapper.cfbundle; includeInIndex = 0; path = LoginTests.xctest; sourceTree = BUILT_PRODUCTS_DIR; };
		EA129C0E1CD2381C003DBD34 /* LoginPresenterTests.swift */ = {isa = PBXFileReference; lastKnownFileType = sourcecode.swift; lineEnding = 0; path = LoginPresenterTests.swift; sourceTree = "<group>"; xcLanguageSpecificationIdentifier = xcode.lang.swift; };
		EA129C101CD2381C003DBD34 /* Info.plist */ = {isa = PBXFileReference; lastKnownFileType = text.plist.xml; path = Info.plist; sourceTree = "<group>"; };
		EA129C151CD2381C003DBD34 /* LoginUITests.xctest */ = {isa = PBXFileReference; explicitFileType = wrapper.cfbundle; includeInIndex = 0; path = LoginUITests.xctest; sourceTree = BUILT_PRODUCTS_DIR; };
		EA129C191CD2381C003DBD34 /* LoginUITests.swift */ = {isa = PBXFileReference; lastKnownFileType = sourcecode.swift; path = LoginUITests.swift; sourceTree = "<group>"; };
		EA129C1B1CD2381C003DBD34 /* Info.plist */ = {isa = PBXFileReference; lastKnownFileType = text.plist.xml; path = Info.plist; sourceTree = "<group>"; };
		EA5350131CD8C65D0041381F /* LoginPresenter.swift */ = {isa = PBXFileReference; fileEncoding = 4; lastKnownFileType = sourcecode.swift; lineEnding = 0; path = LoginPresenter.swift; sourceTree = "<group>"; xcLanguageSpecificationIdentifier = xcode.lang.swift; };
		EA5350161CD8C6910041381F /* LoginView.swift */ = {isa = PBXFileReference; fileEncoding = 4; lastKnownFileType = sourcecode.swift; lineEnding = 0; path = LoginView.swift; sourceTree = "<group>"; xcLanguageSpecificationIdentifier = xcode.lang.swift; };
		EA5350181CD8C77B0041381F /* Credentials.swift */ = {isa = PBXFileReference; fileEncoding = 4; lastKnownFileType = sourcecode.swift; path = Credentials.swift; sourceTree = "<group>"; };
		EA53501A1CD8CA4A0041381F /* LoginService.swift */ = {isa = PBXFileReference; fileEncoding = 4; lastKnownFileType = sourcecode.swift; path = LoginService.swift; sourceTree = "<group>"; };
		EA53501C1CD8CC7D0041381F /* SpyLoginView.swift */ = {isa = PBXFileReference; fileEncoding = 4; lastKnownFileType = sourcecode.swift; path = SpyLoginView.swift; sourceTree = "<group>"; };
		EA53501E1CD8CC9E0041381F /* SpyLoginService.swift */ = {isa = PBXFileReference; fileEncoding = 4; lastKnownFileType = sourcecode.swift; path = SpyLoginService.swift; sourceTree = "<group>"; };
		EA5350251CD8CFDB0041381F /* LoginServiceDelegate.swift */ = {isa = PBXFileReference; fileEncoding = 4; lastKnownFileType = sourcecode.swift; path = LoginServiceDelegate.swift; sourceTree = "<group>"; };
/* End PBXFileReference section */

/* Begin PBXFrameworksBuildPhase section */
		EA129BF31CD2381C003DBD34 /* Frameworks */ = {
			isa = PBXFrameworksBuildPhase;
			buildActionMask = 2147483647;
			files = (
			);
			runOnlyForDeploymentPostprocessing = 0;
		};
		EA129C071CD2381C003DBD34 /* Frameworks */ = {
			isa = PBXFrameworksBuildPhase;
			buildActionMask = 2147483647;
			files = (
			);
			runOnlyForDeploymentPostprocessing = 0;
		};
		EA129C121CD2381C003DBD34 /* Frameworks */ = {
			isa = PBXFrameworksBuildPhase;
			buildActionMask = 2147483647;
			files = (
			);
			runOnlyForDeploymentPostprocessing = 0;
		};
/* End PBXFrameworksBuildPhase section */

/* Begin PBXGroup section */
		EA129BED1CD2381B003DBD34 = {
			isa = PBXGroup;
			children = (
				EA5350151CD8C6600041381F /* Login */,
				EA129BF81CD2381C003DBD34 /* Login iOS */,
				EA129C0D1CD2381C003DBD34 /* LoginTests */,
				EA129C181CD2381C003DBD34 /* LoginUITests */,
				EA129BF71CD2381C003DBD34 /* Products */,
			);
			sourceTree = "<group>";
		};
		EA129BF71CD2381C003DBD34 /* Products */ = {
			isa = PBXGroup;
			children = (
				EA129BF61CD2381C003DBD34 /* Login.app */,
				EA129C0A1CD2381C003DBD34 /* LoginTests.xctest */,
				EA129C151CD2381C003DBD34 /* LoginUITests.xctest */,
			);
			name = Products;
			sourceTree = "<group>";
		};
		EA129BF81CD2381C003DBD34 /* Login iOS */ = {
			isa = PBXGroup;
			children = (
				EA129BF91CD2381C003DBD34 /* AppDelegate.swift */,
				EA129BFB1CD2381C003DBD34 /* ViewController.swift */,
				EA129BFD1CD2381C003DBD34 /* Main.storyboard */,
				EA5350201CD8CCBC0041381F /* Supporting Files */,
			);
			name = "Login iOS";
			path = Login;
			sourceTree = "<group>";
		};
		EA129C0D1CD2381C003DBD34 /* LoginTests */ = {
			isa = PBXGroup;
			children = (
				EA5350221CD8CEF10041381F /* Login Presenter */,
				EA5350211CD8CCC50041381F /* Supporting Files */,
			);
			path = LoginTests;
			sourceTree = "<group>";
		};
		EA129C181CD2381C003DBD34 /* LoginUITests */ = {
			isa = PBXGroup;
			children = (
				EA129C191CD2381C003DBD34 /* LoginUITests.swift */,
				EA129C1B1CD2381C003DBD34 /* Info.plist */,
			);
			path = LoginUITests;
			sourceTree = "<group>";
		};
		EA5350151CD8C6600041381F /* Login */ = {
			isa = PBXGroup;
			children = (
				EA5350131CD8C65D0041381F /* LoginPresenter.swift */,
				EA5350161CD8C6910041381F /* LoginView.swift */,
				EA5350181CD8C77B0041381F /* Credentials.swift */,
				EA53501A1CD8CA4A0041381F /* LoginService.swift */,
				EA5350251CD8CFDB0041381F /* LoginServiceDelegate.swift */,
			);
			name = Login;
			sourceTree = "<group>";
		};
		EA5350201CD8CCBC0041381F /* Supporting Files */ = {
			isa = PBXGroup;
			children = (
				EA129C001CD2381C003DBD34 /* Assets.xcassets */,
				EA129C021CD2381C003DBD34 /* LaunchScreen.storyboard */,
				EA129C051CD2381C003DBD34 /* Info.plist */,
			);
			name = "Supporting Files";
			sourceTree = "<group>";
		};
		EA5350211CD8CCC50041381F /* Supporting Files */ = {
			isa = PBXGroup;
			children = (
				EA129C101CD2381C003DBD34 /* Info.plist */,
			);
			name = "Supporting Files";
			sourceTree = "<group>";
		};
		EA5350221CD8CEF10041381F /* Login Presenter */ = {
			isa = PBXGroup;
			children = (
				EA129C0E1CD2381C003DBD34 /* LoginPresenterTests.swift */,
				EA53501C1CD8CC7D0041381F /* SpyLoginView.swift */,
				EA53501E1CD8CC9E0041381F /* SpyLoginService.swift */,
			);
			name = "Login Presenter";
			sourceTree = "<group>";
		};
/* End PBXGroup section */

/* Begin PBXNativeTarget section */
		EA129BF51CD2381C003DBD34 /* Login */ = {
			isa = PBXNativeTarget;
			buildConfigurationList = EA129C1E1CD2381C003DBD34 /* Build configuration list for PBXNativeTarget "Login" */;
			buildPhases = (
				EA129BF21CD2381C003DBD34 /* Sources */,
				EA129BF31CD2381C003DBD34 /* Frameworks */,
				EA129BF41CD2381C003DBD34 /* Resources */,
				EA6F4EFD1CDA1CC1001F764E /* Run Swiftlint Script */,
			);
			buildRules = (
			);
			dependencies = (
			);
			name = Login;
			productName = Login;
			productReference = EA129BF61CD2381C003DBD34 /* Login.app */;
			productType = "com.apple.product-type.application";
		};
		EA129C091CD2381C003DBD34 /* LoginTests */ = {
			isa = PBXNativeTarget;
			buildConfigurationList = EA129C211CD2381C003DBD34 /* Build configuration list for PBXNativeTarget "LoginTests" */;
			buildPhases = (
				EA129C061CD2381C003DBD34 /* Sources */,
				EA129C071CD2381C003DBD34 /* Frameworks */,
				EA129C081CD2381C003DBD34 /* Resources */,
			);
			buildRules = (
			);
			dependencies = (
				EA129C0C1CD2381C003DBD34 /* PBXTargetDependency */,
			);
			name = LoginTests;
			productName = LoginTests;
			productReference = EA129C0A1CD2381C003DBD34 /* LoginTests.xctest */;
			productType = "com.apple.product-type.bundle.unit-test";
		};
		EA129C141CD2381C003DBD34 /* LoginUITests */ = {
			isa = PBXNativeTarget;
			buildConfigurationList = EA129C241CD2381C003DBD34 /* Build configuration list for PBXNativeTarget "LoginUITests" */;
			buildPhases = (
				EA129C111CD2381C003DBD34 /* Sources */,
				EA129C121CD2381C003DBD34 /* Frameworks */,
				EA129C131CD2381C003DBD34 /* Resources */,
			);
			buildRules = (
			);
			dependencies = (
				EA129C171CD2381C003DBD34 /* PBXTargetDependency */,
			);
			name = LoginUITests;
			productName = LoginUITests;
			productReference = EA129C151CD2381C003DBD34 /* LoginUITests.xctest */;
			productType = "com.apple.product-type.bundle.ui-testing";
		};
/* End PBXNativeTarget section */

/* Begin PBXProject section */
		EA129BEE1CD2381B003DBD34 /* Project object */ = {
			isa = PBXProject;
			attributes = {
				LastSwiftUpdateCheck = 0730;
				LastUpgradeCheck = 0730;
				ORGANIZATIONNAME = tm;
				TargetAttributes = {
					EA129BF51CD2381C003DBD34 = {
						CreatedOnToolsVersion = 7.3;
					};
					EA129C091CD2381C003DBD34 = {
						CreatedOnToolsVersion = 7.3;
						TestTargetID = EA129BF51CD2381C003DBD34;
					};
					EA129C141CD2381C003DBD34 = {
						CreatedOnToolsVersion = 7.3;
						TestTargetID = EA129BF51CD2381C003DBD34;
					};
				};
			};
			buildConfigurationList = EA129BF11CD2381B003DBD34 /* Build configuration list for PBXProject "Login" */;
			compatibilityVersion = "Xcode 3.2";
			developmentRegion = English;
			hasScannedForEncodings = 0;
			knownRegions = (
				en,
				Base,
			);
			mainGroup = EA129BED1CD2381B003DBD34;
			productRefGroup = EA129BF71CD2381C003DBD34 /* Products */;
			projectDirPath = "";
			projectRoot = "";
			targets = (
				EA129BF51CD2381C003DBD34 /* Login */,
				EA129C091CD2381C003DBD34 /* LoginTests */,
				EA129C141CD2381C003DBD34 /* LoginUITests */,
			);
		};
/* End PBXProject section */

/* Begin PBXResourcesBuildPhase section */
		EA129BF41CD2381C003DBD34 /* Resources */ = {
			isa = PBXResourcesBuildPhase;
			buildActionMask = 2147483647;
			files = (
				EA129C041CD2381C003DBD34 /* LaunchScreen.storyboard in Resources */,
				EA129C011CD2381C003DBD34 /* Assets.xcassets in Resources */,
				EA129BFF1CD2381C003DBD34 /* Main.storyboard in Resources */,
			);
			runOnlyForDeploymentPostprocessing = 0;
		};
		EA129C081CD2381C003DBD34 /* Resources */ = {
			isa = PBXResourcesBuildPhase;
			buildActionMask = 2147483647;
			files = (
			);
			runOnlyForDeploymentPostprocessing = 0;
		};
		EA129C131CD2381C003DBD34 /* Resources */ = {
			isa = PBXResourcesBuildPhase;
			buildActionMask = 2147483647;
			files = (
			);
			runOnlyForDeploymentPostprocessing = 0;
		};
/* End PBXResourcesBuildPhase section */

/* Begin PBXShellScriptBuildPhase section */
		EA6F4EFD1CDA1CC1001F764E /* Run Swiftlint Script */ = {
			isa = PBXShellScriptBuildPhase;
			buildActionMask = 2147483647;
			files = (
			);
			inputPaths = (
			);
			name = "Run Swiftlint Script";
			outputPaths = (
			);
			runOnlyForDeploymentPostprocessing = 0;
			shellPath = /bin/sh;
			shellScript = "if which swiftlint >/dev/null; then\nswiftlint\nelse\necho \"warning: SwiftLint not installed, download from https://github.com/realm/SwiftLint\"\nfi";
		};
/* End PBXShellScriptBuildPhase section */

/* Begin PBXSourcesBuildPhase section */
		EA129BF21CD2381C003DBD34 /* Sources */ = {
			isa = PBXSourcesBuildPhase;
			buildActionMask = 2147483647;
			files = (
				EA5350141CD8C65D0041381F /* LoginPresenter.swift in Sources */,
				EA53501B1CD8CA4A0041381F /* LoginService.swift in Sources */,
				EA129BFC1CD2381C003DBD34 /* ViewController.swift in Sources */,
				EA5350191CD8C77B0041381F /* Credentials.swift in Sources */,
				EA5350171CD8C6910041381F /* LoginView.swift in Sources */,
				EA129BFA1CD2381C003DBD34 /* AppDelegate.swift in Sources */,
				EA5350271CD8D0190041381F /* LoginServiceDelegate.swift in Sources */,
			);
			runOnlyForDeploymentPostprocessing = 0;
		};
		EA129C061CD2381C003DBD34 /* Sources */ = {
			isa = PBXSourcesBuildPhase;
			buildActionMask = 2147483647;
			files = (
				EA53501F1CD8CC9E0041381F /* SpyLoginService.swift in Sources */,
				EA129C0F1CD2381C003DBD34 /* LoginPresenterTests.swift in Sources */,
				EA53501D1CD8CC7D0041381F /* SpyLoginView.swift in Sources */,
			);
			runOnlyForDeploymentPostprocessing = 0;
		};
		EA129C111CD2381C003DBD34 /* Sources */ = {
			isa = PBXSourcesBuildPhase;
			buildActionMask = 2147483647;
			files = (
				EA129C1A1CD2381C003DBD34 /* LoginUITests.swift in Sources */,
			);
			runOnlyForDeploymentPostprocessing = 0;
		};
/* End PBXSourcesBuildPhase section */

/* Begin PBXTargetDependency section */
		EA129C0C1CD2381C003DBD34 /* PBXTargetDependency */ = {
			isa = PBXTargetDependency;
			target = EA129BF51CD2381C003DBD34 /* Login */;
			targetProxy = EA129C0B1CD2381C003DBD34 /* PBXContainerItemProxy */;
		};
		EA129C171CD2381C003DBD34 /* PBXTargetDependency */ = {
			isa = PBXTargetDependency;
			target = EA129BF51CD2381C003DBD34 /* Login */;
			targetProxy = EA129C161CD2381C003DBD34 /* PBXContainerItemProxy */;
		};
/* End PBXTargetDependency section */

/* Begin PBXVariantGroup section */
		EA129BFD1CD2381C003DBD34 /* Main.storyboard */ = {
			isa = PBXVariantGroup;
			children = (
				EA129BFE1CD2381C003DBD34 /* Base */,
			);
			name = Main.storyboard;
			sourceTree = "<group>";
		};
		EA129C021CD2381C003DBD34 /* LaunchScreen.storyboard */ = {
			isa = PBXVariantGroup;
			children = (
				EA129C031CD2381C003DBD34 /* Base */,
			);
			name = LaunchScreen.storyboard;
			sourceTree = "<group>";
		};
/* End PBXVariantGroup section */

/* Begin XCBuildConfiguration section */
		EA129C1C1CD2381C003DBD34 /* Debug */ = {
			isa = XCBuildConfiguration;
			buildSettings = {
				ALWAYS_SEARCH_USER_PATHS = NO;
				CLANG_ANALYZER_NONNULL = YES;
				CLANG_CXX_LANGUAGE_STANDARD = "gnu++0x";
				CLANG_CXX_LIBRARY = "libc++";
				CLANG_ENABLE_MODULES = YES;
				CLANG_ENABLE_OBJC_ARC = YES;
				CLANG_WARN_BOOL_CONVERSION = YES;
				CLANG_WARN_CONSTANT_CONVERSION = YES;
				CLANG_WARN_DIRECT_OBJC_ISA_USAGE = YES_ERROR;
				CLANG_WARN_EMPTY_BODY = YES;
				CLANG_WARN_ENUM_CONVERSION = YES;
				CLANG_WARN_INT_CONVERSION = YES;
				CLANG_WARN_OBJC_ROOT_CLASS = YES_ERROR;
				CLANG_WARN_UNREACHABLE_CODE = YES;
				CLANG_WARN__DUPLICATE_METHOD_MATCH = YES;
				"CODE_SIGN_IDENTITY[sdk=iphoneos*]" = "iPhone Developer";
				COPY_PHASE_STRIP = NO;
				DEBUG_INFORMATION_FORMAT = dwarf;
				ENABLE_STRICT_OBJC_MSGSEND = YES;
				ENABLE_TESTABILITY = YES;
				GCC_C_LANGUAGE_STANDARD = gnu99;
				GCC_DYNAMIC_NO_PIC = NO;
				GCC_NO_COMMON_BLOCKS = YES;
				GCC_OPTIMIZATION_LEVEL = 0;
				GCC_PREPROCESSOR_DEFINITIONS = (
					"DEBUG=1",
					"$(inherited)",
				);
				GCC_WARN_64_TO_32_BIT_CONVERSION = YES;
				GCC_WARN_ABOUT_RETURN_TYPE = YES_ERROR;
				GCC_WARN_UNDECLARED_SELECTOR = YES;
				GCC_WARN_UNINITIALIZED_AUTOS = YES_AGGRESSIVE;
				GCC_WARN_UNUSED_FUNCTION = YES;
				GCC_WARN_UNUSED_VARIABLE = YES;
				IPHONEOS_DEPLOYMENT_TARGET = 9.3;
				MTL_ENABLE_DEBUG_INFO = YES;
				ONLY_ACTIVE_ARCH = YES;
				SDKROOT = iphoneos;
				SWIFT_OPTIMIZATION_LEVEL = "-Onone";
				TARGETED_DEVICE_FAMILY = "1,2";
			};
			name = Debug;
		};
		EA129C1D1CD2381C003DBD34 /* Release */ = {
			isa = XCBuildConfiguration;
			buildSettings = {
				ALWAYS_SEARCH_USER_PATHS = NO;
				CLANG_ANALYZER_NONNULL = YES;
				CLANG_CXX_LANGUAGE_STANDARD = "gnu++0x";
				CLANG_CXX_LIBRARY = "libc++";
				CLANG_ENABLE_MODULES = YES;
				CLANG_ENABLE_OBJC_ARC = YES;
				CLANG_WARN_BOOL_CONVERSION = YES;
				CLANG_WARN_CONSTANT_CONVERSION = YES;
				CLANG_WARN_DIRECT_OBJC_ISA_USAGE = YES_ERROR;
				CLANG_WARN_EMPTY_BODY = YES;
				CLANG_WARN_ENUM_CONVERSION = YES;
				CLANG_WARN_INT_CONVERSION = YES;
				CLANG_WARN_OBJC_ROOT_CLASS = YES_ERROR;
				CLANG_WARN_UNREACHABLE_CODE = YES;
				CLANG_WARN__DUPLICATE_METHOD_MATCH = YES;
				"CODE_SIGN_IDENTITY[sdk=iphoneos*]" = "iPhone Developer";
				COPY_PHASE_STRIP = NO;
				DEBUG_INFORMATION_FORMAT = "dwarf-with-dsym";
				ENABLE_NS_ASSERTIONS = NO;
				ENABLE_STRICT_OBJC_MSGSEND = YES;
				GCC_C_LANGUAGE_STANDARD = gnu99;
				GCC_NO_COMMON_BLOCKS = YES;
				GCC_WARN_64_TO_32_BIT_CONVERSION = YES;
				GCC_WARN_ABOUT_RETURN_TYPE = YES_ERROR;
				GCC_WARN_UNDECLARED_SELECTOR = YES;
				GCC_WARN_UNINITIALIZED_AUTOS = YES_AGGRESSIVE;
				GCC_WARN_UNUSED_FUNCTION = YES;
				GCC_WARN_UNUSED_VARIABLE = YES;
				IPHONEOS_DEPLOYMENT_TARGET = 9.3;
				MTL_ENABLE_DEBUG_INFO = NO;
				SDKROOT = iphoneos;
				TARGETED_DEVICE_FAMILY = "1,2";
				VALIDATE_PRODUCT = YES;
			};
			name = Release;
		};
		EA129C1F1CD2381C003DBD34 /* Debug */ = {
			isa = XCBuildConfiguration;
			buildSettings = {
				ASSETCATALOG_COMPILER_APPICON_NAME = AppIcon;
				INFOPLIST_FILE = Login/Info.plist;
				LD_RUNPATH_SEARCH_PATHS = "$(inherited) @executable_path/Frameworks";
				PRODUCT_BUNDLE_IDENTIFIER = tm.Login;
				PRODUCT_NAME = "$(TARGET_NAME)";
			};
			name = Debug;
		};
		EA129C201CD2381C003DBD34 /* Release */ = {
			isa = XCBuildConfiguration;
			buildSettings = {
				ASSETCATALOG_COMPILER_APPICON_NAME = AppIcon;
				INFOPLIST_FILE = Login/Info.plist;
				LD_RUNPATH_SEARCH_PATHS = "$(inherited) @executable_path/Frameworks";
				PRODUCT_BUNDLE_IDENTIFIER = tm.Login;
				PRODUCT_NAME = "$(TARGET_NAME)";
			};
			name = Release;
		};
		EA129C221CD2381C003DBD34 /* Debug */ = {
			isa = XCBuildConfiguration;
			buildSettings = {
				BUNDLE_LOADER = "$(TEST_HOST)";
				INFOPLIST_FILE = LoginTests/Info.plist;
				LD_RUNPATH_SEARCH_PATHS = "$(inherited) @executable_path/Frameworks @loader_path/Frameworks";
				PRODUCT_BUNDLE_IDENTIFIER = tm.LoginTests;
				PRODUCT_NAME = "$(TARGET_NAME)";
				TEST_HOST = "$(BUILT_PRODUCTS_DIR)/Login.app/Login";
			};
			name = Debug;
		};
		EA129C231CD2381C003DBD34 /* Release */ = {
			isa = XCBuildConfiguration;
			buildSettings = {
				BUNDLE_LOADER = "$(TEST_HOST)";
				INFOPLIST_FILE = LoginTests/Info.plist;
				LD_RUNPATH_SEARCH_PATHS = "$(inherited) @executable_path/Frameworks @loader_path/Frameworks";
				PRODUCT_BUNDLE_IDENTIFIER = tm.LoginTests;
				PRODUCT_NAME = "$(TARGET_NAME)";
				TEST_HOST = "$(BUILT_PRODUCTS_DIR)/Login.app/Login";
			};
			name = Release;
		};
		EA129C251CD2381C003DBD34 /* Debug */ = {
			isa = XCBuildConfiguration;
			buildSettings = {
				INFOPLIST_FILE = LoginUITests/Info.plist;
				LD_RUNPATH_SEARCH_PATHS = "$(inherited) @executable_path/Frameworks @loader_path/Frameworks";
				PRODUCT_BUNDLE_IDENTIFIER = tm.LoginUITests;
				PRODUCT_NAME = "$(TARGET_NAME)";
				TEST_TARGET_NAME = Login;
			};
			name = Debug;
		};
		EA129C261CD2381C003DBD34 /* Release */ = {
			isa = XCBuildConfiguration;
			buildSettings = {
				INFOPLIST_FILE = LoginUITests/Info.plist;
				LD_RUNPATH_SEARCH_PATHS = "$(inherited) @executable_path/Frameworks @loader_path/Frameworks";
				PRODUCT_BUNDLE_IDENTIFIER = tm.LoginUITests;
				PRODUCT_NAME = "$(TARGET_NAME)";
				TEST_TARGET_NAME = Login;
			};
			name = Release;
		};
/* End XCBuildConfiguration section */

/* Begin XCConfigurationList section */
		EA129BF11CD2381B003DBD34 /* Build configuration list for PBXProject "Login" */ = {
			isa = XCConfigurationList;
			buildConfigurations = (
				EA129C1C1CD2381C003DBD34 /* Debug */,
				EA129C1D1CD2381C003DBD34 /* Release */,
			);
			defaultConfigurationIsVisible = 0;
			defaultConfigurationName = Release;
		};
		EA129C1E1CD2381C003DBD34 /* Build configuration list for PBXNativeTarget "Login" */ = {
			isa = XCConfigurationList;
			buildConfigurations = (
				EA129C1F1CD2381C003DBD34 /* Debug */,
				EA129C201CD2381C003DBD34 /* Release */,
			);
			defaultConfigurationIsVisible = 0;
			defaultConfigurationName = Release;
		};
		EA129C211CD2381C003DBD34 /* Build configuration list for PBXNativeTarget "LoginTests" */ = {
			isa = XCConfigurationList;
			buildConfigurations = (
				EA129C221CD2381C003DBD34 /* Debug */,
				EA129C231CD2381C003DBD34 /* Release */,
			);
			defaultConfigurationIsVisible = 0;
			defaultConfigurationName = Release;
		};
		EA129C241CD2381C003DBD34 /* Build configuration list for PBXNativeTarget "LoginUITests" */ = {
			isa = XCConfigurationList;
			buildConfigurations = (
				EA129C251CD2381C003DBD34 /* Debug */,
				EA129C261CD2381C003DBD34 /* Release */,
			);
			defaultConfigurationIsVisible = 0;
			defaultConfigurationName = Release;
		};
/* End XCConfigurationList section */
	};
	rootObject = EA129BEE1CD2381B003DBD34 /* Project object */;
}
