// !$*UTF8*$!
{
	archiveVersion = 1;
	classes = {
	};
	objectVersion = 46;
	objects = {

/* Begin PBXBuildFile section */
		BC14140DE390CF1D845D59A7 /* Pods_LoginUITests.framework in Frameworks */ = {isa = PBXBuildFile; fileRef = 274267CB70D68C2CDAD2E73F /* Pods_LoginUITests.framework */; };
		D0E25D847C8D0B527DF76EF3 /* Pods_Login_macOS.framework in Frameworks */ = {isa = PBXBuildFile; fileRef = F231FA71B21667C5FE3C463A /* Pods_Login_macOS.framework */; };
		DF2A0DDA7BB7C43422B5770B /* Pods_LoginTests.framework in Frameworks */ = {isa = PBXBuildFile; fileRef = 477CDF32D3E5116AE88DBD3C /* Pods_LoginTests.framework */; };
		EA129BFA1CD2381C003DBD34 /* AppDelegate.swift in Sources */ = {isa = PBXBuildFile; fileRef = EA129BF91CD2381C003DBD34 /* AppDelegate.swift */; };
		EA129BFC1CD2381C003DBD34 /* LoginViewController.swift in Sources */ = {isa = PBXBuildFile; fileRef = EA129BFB1CD2381C003DBD34 /* LoginViewController.swift */; };
		EA129BFF1CD2381C003DBD34 /* Main.storyboard in Resources */ = {isa = PBXBuildFile; fileRef = EA129BFD1CD2381C003DBD34 /* Main.storyboard */; };
		EA129C011CD2381C003DBD34 /* Assets.xcassets in Resources */ = {isa = PBXBuildFile; fileRef = EA129C001CD2381C003DBD34 /* Assets.xcassets */; };
		EA129C041CD2381C003DBD34 /* LaunchScreen.storyboard in Resources */ = {isa = PBXBuildFile; fileRef = EA129C021CD2381C003DBD34 /* LaunchScreen.storyboard */; };
		EA129C0F1CD2381C003DBD34 /* LoginPresenterTests.swift in Sources */ = {isa = PBXBuildFile; fileRef = EA129C0E1CD2381C003DBD34 /* LoginPresenterTests.swift */; };
		EA129C1A1CD2381C003DBD34 /* LoginUITests.swift in Sources */ = {isa = PBXBuildFile; fileRef = EA129C191CD2381C003DBD34 /* LoginUITests.swift */; };
		EA261B2A1CDB6DF5006AD9D6 /* LoginServiceFactory.swift in Sources */ = {isa = PBXBuildFile; fileRef = EA261B291CDB6DF5006AD9D6 /* LoginServiceFactory.swift */; };
		EA261B2C1CDB6ED7006AD9D6 /* UITextFieldExtension.swift in Sources */ = {isa = PBXBuildFile; fileRef = EA261B2B1CDB6ED7006AD9D6 /* UITextFieldExtension.swift */; };
		EA261B2E1CDB70C9006AD9D6 /* AlertUtilities.swift in Sources */ = {isa = PBXBuildFile; fileRef = EA261B2D1CDB70C9006AD9D6 /* AlertUtilities.swift */; };
		EA35E4881CE73ABC005CFE53 /* AppDelegate.swift in Sources */ = {isa = PBXBuildFile; fileRef = EA35E4871CE73ABC005CFE53 /* AppDelegate.swift */; };
		EA35E48A1CE73ABC005CFE53 /* LoginViewController.swift in Sources */ = {isa = PBXBuildFile; fileRef = EA35E4891CE73ABC005CFE53 /* LoginViewController.swift */; };
		EA35E48C1CE73ABC005CFE53 /* Assets.xcassets in Resources */ = {isa = PBXBuildFile; fileRef = EA35E48B1CE73ABC005CFE53 /* Assets.xcassets */; };
		EA35E48F1CE73ABC005CFE53 /* Main.storyboard in Resources */ = {isa = PBXBuildFile; fileRef = EA35E48D1CE73ABC005CFE53 /* Main.storyboard */; };
		EA35E49A1CE73ABC005CFE53 /* LoginUITests.swift in Sources */ = {isa = PBXBuildFile; fileRef = EA35E4991CE73ABC005CFE53 /* LoginUITests.swift */; };
		EA3972121CDA22A600E7898E /* LoginServiceTests.swift in Sources */ = {isa = PBXBuildFile; fileRef = EA3972111CDA22A600E7898E /* LoginServiceTests.swift */; };
		EA4938291CDD033700C07876 /* AlamofireLoginService.swift in Sources */ = {isa = PBXBuildFile; fileRef = EA4938271CDD033700C07876 /* AlamofireLoginService.swift */; };
		EA49382A1CDD033700C07876 /* Token+SwiftyJSON.swift in Sources */ = {isa = PBXBuildFile; fileRef = EA4938281CDD033700C07876 /* Token+SwiftyJSON.swift */; };
		EA53501D1CD8CC7D0041381F /* SpyLoginView.swift in Sources */ = {isa = PBXBuildFile; fileRef = EA53501C1CD8CC7D0041381F /* SpyLoginView.swift */; };
		EA53501F1CD8CC9E0041381F /* SpyLoginService.swift in Sources */ = {isa = PBXBuildFile; fileRef = EA53501E1CD8CC9E0041381F /* SpyLoginService.swift */; };
		EA8B0D511CE773DA001239F4 /* LoginViewController+LoginView.swift in Sources */ = {isa = PBXBuildFile; fileRef = EA8B0D501CE773DA001239F4 /* LoginViewController+LoginView.swift */; };
		EA8B0D541CE775EF001239F4 /* LoginServiceFactory.swift in Sources */ = {isa = PBXBuildFile; fileRef = EA261B291CDB6DF5006AD9D6 /* LoginServiceFactory.swift */; };
		EA8B0D551CE775F3001239F4 /* Token+SwiftyJSON.swift in Sources */ = {isa = PBXBuildFile; fileRef = EA4938281CDD033700C07876 /* Token+SwiftyJSON.swift */; };
		EA8B0D561CE775F5001239F4 /* AlamofireLoginService.swift in Sources */ = {isa = PBXBuildFile; fileRef = EA4938271CDD033700C07876 /* AlamofireLoginService.swift */; };
		EAA7DEF81CDA622600BEF317 /* FakeRemoteLoginService.swift in Sources */ = {isa = PBXBuildFile; fileRef = EAA7DEF71CDA622600BEF317 /* FakeRemoteLoginService.swift */; };
		EAA7DEFA1CDA625000BEF317 /* SpyLoginServiceDelegate.swift in Sources */ = {isa = PBXBuildFile; fileRef = EAA7DEF91CDA625000BEF317 /* SpyLoginServiceDelegate.swift */; };
		EAC0A6711CDBA8CC000CB230 /* LoginViewController+LoginView.swift in Sources */ = {isa = PBXBuildFile; fileRef = EAC0A6701CDBA8CC000CB230 /* LoginViewController+LoginView.swift */; };
		EAD017E21CE78D8F00A87055 /* LoginPresenter.swift in Sources */ = {isa = PBXBuildFile; fileRef = EAD017DD1CE78D8E00A87055 /* LoginPresenter.swift */; };
		EAD017E31CE78D8F00A87055 /* LoginView.swift in Sources */ = {isa = PBXBuildFile; fileRef = EAD017DE1CE78D8E00A87055 /* LoginView.swift */; };
		EAD017E51CE78D8F00A87055 /* Token.swift in Sources */ = {isa = PBXBuildFile; fileRef = EAD017E01CE78D8E00A87055 /* Token.swift */; };
		EAD017E61CE78D9F00A87055 /* Credentials.swift in Sources */ = {isa = PBXBuildFile; fileRef = EAD017DC1CE78D8E00A87055 /* Credentials.swift */; };
		EAD017E71CE78DA100A87055 /* Credentials.swift in Sources */ = {isa = PBXBuildFile; fileRef = EAD017DC1CE78D8E00A87055 /* Credentials.swift */; };
		EAD017E81CE78DA100A87055 /* LoginPresenter.swift in Sources */ = {isa = PBXBuildFile; fileRef = EAD017DD1CE78D8E00A87055 /* LoginPresenter.swift */; };
		EAD017E91CE78DA100A87055 /* LoginView.swift in Sources */ = {isa = PBXBuildFile; fileRef = EAD017DE1CE78D8E00A87055 /* LoginView.swift */; };
		EAD017EA1CE78DA100A87055 /* Token.swift in Sources */ = {isa = PBXBuildFile; fileRef = EAD017E01CE78D8E00A87055 /* Token.swift */; };
		EAD017F41CE791EC00A87055 /* LoginService.swift in Sources */ = {isa = PBXBuildFile; fileRef = EAD017F11CE791EC00A87055 /* LoginService.swift */; };
		EAD017F51CE791EC00A87055 /* LoginServiceDelegate.swift in Sources */ = {isa = PBXBuildFile; fileRef = EAD017F21CE791EC00A87055 /* LoginServiceDelegate.swift */; };
		EAD017F61CE791EC00A87055 /* RemoteLoginService.swift in Sources */ = {isa = PBXBuildFile; fileRef = EAD017F31CE791EC00A87055 /* RemoteLoginService.swift */; };
		EAD017F71CE791F300A87055 /* LoginService.swift in Sources */ = {isa = PBXBuildFile; fileRef = EAD017F11CE791EC00A87055 /* LoginService.swift */; };
		EAD017F81CE791F300A87055 /* LoginServiceDelegate.swift in Sources */ = {isa = PBXBuildFile; fileRef = EAD017F21CE791EC00A87055 /* LoginServiceDelegate.swift */; };
		EAD017F91CE791F300A87055 /* RemoteLoginService.swift in Sources */ = {isa = PBXBuildFile; fileRef = EAD017F31CE791EC00A87055 /* RemoteLoginService.swift */; };
		EAFF2C301CEE22F80025FC27 /* CredentialsTest.swift in Sources */ = {isa = PBXBuildFile; fileRef = EAFF2C2F1CEE22F80025FC27 /* CredentialsTest.swift */; };
		EAFF2C321CEE24DC0025FC27 /* Credentials+NSURL.swift in Sources */ = {isa = PBXBuildFile; fileRef = EAFF2C311CEE24DC0025FC27 /* Credentials+NSURL.swift */; };
		EAFF2C361CEE255A0025FC27 /* InterAppViewController.swift in Sources */ = {isa = PBXBuildFile; fileRef = EAFF2C351CEE255A0025FC27 /* InterAppViewController.swift */; };
		EAFF2C381CEE2B970025FC27 /* InterAppViewController+LoginView.swift in Sources */ = {isa = PBXBuildFile; fileRef = EAFF2C371CEE2B970025FC27 /* InterAppViewController+LoginView.swift */; };
		F07B89A6B55E1277AB640F9E /* Pods_Login.framework in Frameworks */ = {isa = PBXBuildFile; fileRef = 252BA554DA46ECA1E425B091 /* Pods_Login.framework */; };
/* End PBXBuildFile section */

/* Begin PBXContainerItemProxy section */
		EA129C0B1CD2381C003DBD34 /* PBXContainerItemProxy */ = {
			isa = PBXContainerItemProxy;
			containerPortal = EA129BEE1CD2381B003DBD34 /* Project object */;
			proxyType = 1;
			remoteGlobalIDString = EA129BF51CD2381C003DBD34;
			remoteInfo = Login;
		};
		EA129C161CD2381C003DBD34 /* PBXContainerItemProxy */ = {
			isa = PBXContainerItemProxy;
			containerPortal = EA129BEE1CD2381B003DBD34 /* Project object */;
			proxyType = 1;
			remoteGlobalIDString = EA129BF51CD2381C003DBD34;
			remoteInfo = Login;
		};
		EA35E4961CE73ABC005CFE53 /* PBXContainerItemProxy */ = {
			isa = PBXContainerItemProxy;
			containerPortal = EA129BEE1CD2381B003DBD34 /* Project object */;
			proxyType = 1;
			remoteGlobalIDString = EA35E4841CE73ABC005CFE53;
			remoteInfo = "Login macOS";
		};
/* End PBXContainerItemProxy section */

/* Begin PBXFileReference section */
		02A0F60DB42D1BEF0D458228 /* Pods-LoginUITests.release.xcconfig */ = {isa = PBXFileReference; includeInIndex = 1; lastKnownFileType = text.xcconfig; name = "Pods-LoginUITests.release.xcconfig"; path = "Pods/Target Support Files/Pods-LoginUITests/Pods-LoginUITests.release.xcconfig"; sourceTree = "<group>"; };
		06D6291267E5B8D17E65477F /* Pods-LoginTests.release.xcconfig */ = {isa = PBXFileReference; includeInIndex = 1; lastKnownFileType = text.xcconfig; name = "Pods-LoginTests.release.xcconfig"; path = "Pods/Target Support Files/Pods-LoginTests/Pods-LoginTests.release.xcconfig"; sourceTree = "<group>"; };
		252BA554DA46ECA1E425B091 /* Pods_Login.framework */ = {isa = PBXFileReference; explicitFileType = wrapper.framework; includeInIndex = 0; path = Pods_Login.framework; sourceTree = BUILT_PRODUCTS_DIR; };
		274267CB70D68C2CDAD2E73F /* Pods_LoginUITests.framework */ = {isa = PBXFileReference; explicitFileType = wrapper.framework; includeInIndex = 0; path = Pods_LoginUITests.framework; sourceTree = BUILT_PRODUCTS_DIR; };
		2CE58C77E66416A6934361E2 /* Pods-LoginUITests.debug.xcconfig */ = {isa = PBXFileReference; includeInIndex = 1; lastKnownFileType = text.xcconfig; name = "Pods-LoginUITests.debug.xcconfig"; path = "Pods/Target Support Files/Pods-LoginUITests/Pods-LoginUITests.debug.xcconfig"; sourceTree = "<group>"; };
		44FA556392D66672596F0BC1 /* Pods-Login iOS.release.xcconfig */ = {isa = PBXFileReference; includeInIndex = 1; lastKnownFileType = text.xcconfig; name = "Pods-Login iOS.release.xcconfig"; path = "Pods/Target Support Files/Pods-Login iOS/Pods-Login iOS.release.xcconfig"; sourceTree = "<group>"; };
		477CDF32D3E5116AE88DBD3C /* Pods_LoginTests.framework */ = {isa = PBXFileReference; explicitFileType = wrapper.framework; includeInIndex = 0; path = Pods_LoginTests.framework; sourceTree = BUILT_PRODUCTS_DIR; };
		4D7FEEE6E1B5BED143504068 /* Pods-LoginTests.debug.xcconfig */ = {isa = PBXFileReference; includeInIndex = 1; lastKnownFileType = text.xcconfig; name = "Pods-LoginTests.debug.xcconfig"; path = "Pods/Target Support Files/Pods-LoginTests/Pods-LoginTests.debug.xcconfig"; sourceTree = "<group>"; };
		577A00BC1BA9DB84011BA1C5 /* Pods-Login.debug.xcconfig */ = {isa = PBXFileReference; includeInIndex = 1; lastKnownFileType = text.xcconfig; name = "Pods-Login.debug.xcconfig"; path = "Pods/Target Support Files/Pods-Login/Pods-Login.debug.xcconfig"; sourceTree = "<group>"; };
		8F97F176C2858D197C37B416 /* Pods_Login_iOS.framework */ = {isa = PBXFileReference; explicitFileType = wrapper.framework; includeInIndex = 0; path = Pods_Login_iOS.framework; sourceTree = BUILT_PRODUCTS_DIR; };
		9CF4665877DC083DCBB47E88 /* Pods-Login.release.xcconfig */ = {isa = PBXFileReference; includeInIndex = 1; lastKnownFileType = text.xcconfig; name = "Pods-Login.release.xcconfig"; path = "Pods/Target Support Files/Pods-Login/Pods-Login.release.xcconfig"; sourceTree = "<group>"; };
		B3DDED0D324B7D005E2D604F /* Pods-Login macOS.release.xcconfig */ = {isa = PBXFileReference; includeInIndex = 1; lastKnownFileType = text.xcconfig; name = "Pods-Login macOS.release.xcconfig"; path = "Pods/Target Support Files/Pods-Login macOS/Pods-Login macOS.release.xcconfig"; sourceTree = "<group>"; };
		EA129BF61CD2381C003DBD34 /* Login.app */ = {isa = PBXFileReference; explicitFileType = wrapper.application; includeInIndex = 0; path = Login.app; sourceTree = BUILT_PRODUCTS_DIR; };
		EA129BF91CD2381C003DBD34 /* AppDelegate.swift */ = {isa = PBXFileReference; lastKnownFileType = sourcecode.swift; path = AppDelegate.swift; sourceTree = "<group>"; };
		EA129BFB1CD2381C003DBD34 /* LoginViewController.swift */ = {isa = PBXFileReference; lastKnownFileType = sourcecode.swift; lineEnding = 0; path = LoginViewController.swift; sourceTree = "<group>"; xcLanguageSpecificationIdentifier = xcode.lang.swift; };
		EA129BFE1CD2381C003DBD34 /* Base */ = {isa = PBXFileReference; lastKnownFileType = file.storyboard; name = Base; path = Base.lproj/Main.storyboard; sourceTree = "<group>"; };
		EA129C001CD2381C003DBD34 /* Assets.xcassets */ = {isa = PBXFileReference; lastKnownFileType = folder.assetcatalog; path = Assets.xcassets; sourceTree = "<group>"; };
		EA129C031CD2381C003DBD34 /* Base */ = {isa = PBXFileReference; lastKnownFileType = file.storyboard; name = Base; path = Base.lproj/LaunchScreen.storyboard; sourceTree = "<group>"; };
		EA129C051CD2381C003DBD34 /* Info.plist */ = {isa = PBXFileReference; lastKnownFileType = text.plist.xml; path = Info.plist; sourceTree = "<group>"; };
		EA129C0A1CD2381C003DBD34 /* LoginTests.xctest */ = {isa = PBXFileReference; explicitFileType = wrapper.cfbundle; includeInIndex = 0; path = LoginTests.xctest; sourceTree = BUILT_PRODUCTS_DIR; };
		EA129C0E1CD2381C003DBD34 /* LoginPresenterTests.swift */ = {isa = PBXFileReference; lastKnownFileType = sourcecode.swift; lineEnding = 0; path = LoginPresenterTests.swift; sourceTree = "<group>"; xcLanguageSpecificationIdentifier = xcode.lang.swift; };
		EA129C101CD2381C003DBD34 /* Info.plist */ = {isa = PBXFileReference; lastKnownFileType = text.plist.xml; path = Info.plist; sourceTree = "<group>"; };
		EA129C151CD2381C003DBD34 /* LoginUITests.xctest */ = {isa = PBXFileReference; explicitFileType = wrapper.cfbundle; includeInIndex = 0; path = LoginUITests.xctest; sourceTree = BUILT_PRODUCTS_DIR; };
		EA129C191CD2381C003DBD34 /* LoginUITests.swift */ = {isa = PBXFileReference; lastKnownFileType = sourcecode.swift; path = LoginUITests.swift; sourceTree = "<group>"; };
		EA129C1B1CD2381C003DBD34 /* Info.plist */ = {isa = PBXFileReference; lastKnownFileType = text.plist.xml; path = Info.plist; sourceTree = "<group>"; };
		EA261B291CDB6DF5006AD9D6 /* LoginServiceFactory.swift */ = {isa = PBXFileReference; fileEncoding = 4; lastKnownFileType = sourcecode.swift; path = LoginServiceFactory.swift; sourceTree = "<group>"; };
		EA261B2B1CDB6ED7006AD9D6 /* UITextFieldExtension.swift */ = {isa = PBXFileReference; fileEncoding = 4; lastKnownFileType = sourcecode.swift; path = UITextFieldExtension.swift; sourceTree = "<group>"; };
		EA261B2D1CDB70C9006AD9D6 /* AlertUtilities.swift */ = {isa = PBXFileReference; fileEncoding = 4; lastKnownFileType = sourcecode.swift; lineEnding = 0; path = AlertUtilities.swift; sourceTree = "<group>"; xcLanguageSpecificationIdentifier = xcode.lang.swift; };
		EA35E4851CE73ABC005CFE53 /* Login macOS.app */ = {isa = PBXFileReference; explicitFileType = wrapper.application; includeInIndex = 0; path = "Login macOS.app"; sourceTree = BUILT_PRODUCTS_DIR; };
		EA35E4871CE73ABC005CFE53 /* AppDelegate.swift */ = {isa = PBXFileReference; lastKnownFileType = sourcecode.swift; name = AppDelegate.swift; path = ../AppDelegate.swift; sourceTree = "<group>"; };
		EA35E4891CE73ABC005CFE53 /* LoginViewController.swift */ = {isa = PBXFileReference; lastKnownFileType = sourcecode.swift; path = LoginViewController.swift; sourceTree = "<group>"; };
		EA35E48B1CE73ABC005CFE53 /* Assets.xcassets */ = {isa = PBXFileReference; lastKnownFileType = folder.assetcatalog; path = Assets.xcassets; sourceTree = "<group>"; };
		EA35E48E1CE73ABC005CFE53 /* Base */ = {isa = PBXFileReference; lastKnownFileType = file.storyboard; name = Base; path = Base.lproj/Main.storyboard; sourceTree = "<group>"; };
		EA35E4901CE73ABC005CFE53 /* Info.plist */ = {isa = PBXFileReference; lastKnownFileType = text.plist.xml; path = Info.plist; sourceTree = "<group>"; };
		EA35E4951CE73ABC005CFE53 /* Login macOSUITests.xctest */ = {isa = PBXFileReference; explicitFileType = wrapper.cfbundle; includeInIndex = 0; path = "Login macOSUITests.xctest"; sourceTree = BUILT_PRODUCTS_DIR; };
		EA35E4991CE73ABC005CFE53 /* LoginUITests.swift */ = {isa = PBXFileReference; lastKnownFileType = sourcecode.swift; path = LoginUITests.swift; sourceTree = "<group>"; };
		EA35E49B1CE73ABC005CFE53 /* Info.plist */ = {isa = PBXFileReference; lastKnownFileType = text.plist.xml; path = Info.plist; sourceTree = "<group>"; };
		EA3972111CDA22A600E7898E /* LoginServiceTests.swift */ = {isa = PBXFileReference; fileEncoding = 4; lastKnownFileType = sourcecode.swift; path = LoginServiceTests.swift; sourceTree = "<group>"; };
		EA4938271CDD033700C07876 /* AlamofireLoginService.swift */ = {isa = PBXFileReference; fileEncoding = 4; lastKnownFileType = sourcecode.swift; path = AlamofireLoginService.swift; sourceTree = "<group>"; };
		EA4938281CDD033700C07876 /* Token+SwiftyJSON.swift */ = {isa = PBXFileReference; fileEncoding = 4; lastKnownFileType = sourcecode.swift; path = "Token+SwiftyJSON.swift"; sourceTree = "<group>"; };
		EA53501C1CD8CC7D0041381F /* SpyLoginView.swift */ = {isa = PBXFileReference; fileEncoding = 4; lastKnownFileType = sourcecode.swift; path = SpyLoginView.swift; sourceTree = "<group>"; };
		EA53501E1CD8CC9E0041381F /* SpyLoginService.swift */ = {isa = PBXFileReference; fileEncoding = 4; lastKnownFileType = sourcecode.swift; path = SpyLoginService.swift; sourceTree = "<group>"; };
		EA8B0D501CE773DA001239F4 /* LoginViewController+LoginView.swift */ = {isa = PBXFileReference; fileEncoding = 4; lastKnownFileType = sourcecode.swift; path = "LoginViewController+LoginView.swift"; sourceTree = "<group>"; };
		EAA7DEF71CDA622600BEF317 /* FakeRemoteLoginService.swift */ = {isa = PBXFileReference; fileEncoding = 4; lastKnownFileType = sourcecode.swift; path = FakeRemoteLoginService.swift; sourceTree = "<group>"; };
		EAA7DEF91CDA625000BEF317 /* SpyLoginServiceDelegate.swift */ = {isa = PBXFileReference; fileEncoding = 4; lastKnownFileType = sourcecode.swift; path = SpyLoginServiceDelegate.swift; sourceTree = "<group>"; };
		EABEA97A1CEB3E9800BD87BE /* LoginController.swift */ = {isa = PBXFileReference; lastKnownFileType = sourcecode.swift; name = LoginController.swift; path = CrossPlatform/Sources/LoginController.swift; sourceTree = SOURCE_ROOT; };
		EABEA97B1CEB43BC00BD87BE /* Token+AnyObject.swift */ = {isa = PBXFileReference; lastKnownFileType = sourcecode.swift; name = "Token+AnyObject.swift"; path = "CrossPlatform/Sources/Token+AnyObject.swift"; sourceTree = SOURCE_ROOT; };
		EABEA97C1CEB452600BD87BE /* MainController.swift */ = {isa = PBXFileReference; lastKnownFileType = sourcecode.swift; name = MainController.swift; path = CrossPlatform/Sources/MainController.swift; sourceTree = SOURCE_ROOT; };
		EAC0A6701CDBA8CC000CB230 /* LoginViewController+LoginView.swift */ = {isa = PBXFileReference; fileEncoding = 4; lastKnownFileType = sourcecode.swift; path = "LoginViewController+LoginView.swift"; sourceTree = "<group>"; };
		EAD017DC1CE78D8E00A87055 /* Credentials.swift */ = {isa = PBXFileReference; fileEncoding = 4; lastKnownFileType = sourcecode.swift; name = Credentials.swift; path = CrossPlatform/Sources/Credentials.swift; sourceTree = SOURCE_ROOT; };
		EAD017DD1CE78D8E00A87055 /* LoginPresenter.swift */ = {isa = PBXFileReference; fileEncoding = 4; lastKnownFileType = sourcecode.swift; name = LoginPresenter.swift; path = CrossPlatform/Sources/LoginPresenter.swift; sourceTree = SOURCE_ROOT; };
		EAD017DE1CE78D8E00A87055 /* LoginView.swift */ = {isa = PBXFileReference; fileEncoding = 4; lastKnownFileType = sourcecode.swift; name = LoginView.swift; path = CrossPlatform/Sources/LoginView.swift; sourceTree = SOURCE_ROOT; };
		EAD017DF1CE78D8E00A87055 /* main.swift */ = {isa = PBXFileReference; fileEncoding = 4; lastKnownFileType = sourcecode.swift; name = main.swift; path = CrossPlatform/Sources/main.swift; sourceTree = SOURCE_ROOT; };
		EAD017E01CE78D8E00A87055 /* Token.swift */ = {isa = PBXFileReference; fileEncoding = 4; lastKnownFileType = sourcecode.swift; name = Token.swift; path = CrossPlatform/Sources/Token.swift; sourceTree = SOURCE_ROOT; };
		EAD017EE1CE78E2D00A87055 /* Package.swift */ = {isa = PBXFileReference; fileEncoding = 4; lastKnownFileType = sourcecode.swift; name = Package.swift; path = CrossPlatform/Package.swift; sourceTree = SOURCE_ROOT; };
		EAD017F11CE791EC00A87055 /* LoginService.swift */ = {isa = PBXFileReference; fileEncoding = 4; lastKnownFileType = sourcecode.swift; name = LoginService.swift; path = CrossPlatform/Sources/LoginService.swift; sourceTree = SOURCE_ROOT; };
		EAD017F21CE791EC00A87055 /* LoginServiceDelegate.swift */ = {isa = PBXFileReference; fileEncoding = 4; lastKnownFileType = sourcecode.swift; name = LoginServiceDelegate.swift; path = CrossPlatform/Sources/LoginServiceDelegate.swift; sourceTree = SOURCE_ROOT; };
		EAD017F31CE791EC00A87055 /* RemoteLoginService.swift */ = {isa = PBXFileReference; fileEncoding = 4; lastKnownFileType = sourcecode.swift; name = RemoteLoginService.swift; path = CrossPlatform/Sources/RemoteLoginService.swift; sourceTree = SOURCE_ROOT; };
		EAFF2C2F1CEE22F80025FC27 /* CredentialsTest.swift */ = {isa = PBXFileReference; fileEncoding = 4; lastKnownFileType = sourcecode.swift; path = CredentialsTest.swift; sourceTree = "<group>"; };
		EAFF2C311CEE24DC0025FC27 /* Credentials+NSURL.swift */ = {isa = PBXFileReference; fileEncoding = 4; lastKnownFileType = sourcecode.swift; path = "Credentials+NSURL.swift"; sourceTree = "<group>"; };
		EAFF2C351CEE255A0025FC27 /* InterAppViewController.swift */ = {isa = PBXFileReference; fileEncoding = 4; lastKnownFileType = sourcecode.swift; path = InterAppViewController.swift; sourceTree = "<group>"; };
		EAFF2C371CEE2B970025FC27 /* InterAppViewController+LoginView.swift */ = {isa = PBXFileReference; fileEncoding = 4; lastKnownFileType = sourcecode.swift; path = "InterAppViewController+LoginView.swift"; sourceTree = "<group>"; };
		F231FA71B21667C5FE3C463A /* Pods_Login_macOS.framework */ = {isa = PBXFileReference; explicitFileType = wrapper.framework; includeInIndex = 0; path = Pods_Login_macOS.framework; sourceTree = BUILT_PRODUCTS_DIR; };
		F5A2BF3C5B48F4D39F0747B8 /* Pods-Login macOS.debug.xcconfig */ = {isa = PBXFileReference; includeInIndex = 1; lastKnownFileType = text.xcconfig; name = "Pods-Login macOS.debug.xcconfig"; path = "Pods/Target Support Files/Pods-Login macOS/Pods-Login macOS.debug.xcconfig"; sourceTree = "<group>"; };
		F9892E4C6FAC1BDB882DDFDB /* Pods-Login iOS.debug.xcconfig */ = {isa = PBXFileReference; includeInIndex = 1; lastKnownFileType = text.xcconfig; name = "Pods-Login iOS.debug.xcconfig"; path = "Pods/Target Support Files/Pods-Login iOS/Pods-Login iOS.debug.xcconfig"; sourceTree = "<group>"; };
/* End PBXFileReference section */

/* Begin PBXFrameworksBuildPhase section */
		EA129BF31CD2381C003DBD34 /* Frameworks */ = {
			isa = PBXFrameworksBuildPhase;
			buildActionMask = 2147483647;
			files = (
				F07B89A6B55E1277AB640F9E /* Pods_Login.framework in Frameworks */,
			);
			runOnlyForDeploymentPostprocessing = 0;
		};
		EA129C071CD2381C003DBD34 /* Frameworks */ = {
			isa = PBXFrameworksBuildPhase;
			buildActionMask = 2147483647;
			files = (
				DF2A0DDA7BB7C43422B5770B /* Pods_LoginTests.framework in Frameworks */,
			);
			runOnlyForDeploymentPostprocessing = 0;
		};
		EA129C121CD2381C003DBD34 /* Frameworks */ = {
			isa = PBXFrameworksBuildPhase;
			buildActionMask = 2147483647;
			files = (
				BC14140DE390CF1D845D59A7 /* Pods_LoginUITests.framework in Frameworks */,
			);
			runOnlyForDeploymentPostprocessing = 0;
		};
		EA35E4821CE73ABC005CFE53 /* Frameworks */ = {
			isa = PBXFrameworksBuildPhase;
			buildActionMask = 2147483647;
			files = (
				D0E25D847C8D0B527DF76EF3 /* Pods_Login_macOS.framework in Frameworks */,
			);
			runOnlyForDeploymentPostprocessing = 0;
		};
		EA35E4921CE73ABC005CFE53 /* Frameworks */ = {
			isa = PBXFrameworksBuildPhase;
			buildActionMask = 2147483647;
			files = (
			);
			runOnlyForDeploymentPostprocessing = 0;
		};
/* End PBXFrameworksBuildPhase section */

/* Begin PBXGroup section */
		468718DCFC1094F2CBF6242A /* Frameworks */ = {
			isa = PBXGroup;
			children = (
				8F97F176C2858D197C37B416 /* Pods_Login_iOS.framework */,
				F231FA71B21667C5FE3C463A /* Pods_Login_macOS.framework */,
				477CDF32D3E5116AE88DBD3C /* Pods_LoginTests.framework */,
				274267CB70D68C2CDAD2E73F /* Pods_LoginUITests.framework */,
				252BA554DA46ECA1E425B091 /* Pods_Login.framework */,
			);
			name = Frameworks;
			sourceTree = "<group>";
		};
		79D4EC754FA3E930FF33F29D /* Pods */ = {
			isa = PBXGroup;
			children = (
				F9892E4C6FAC1BDB882DDFDB /* Pods-Login iOS.debug.xcconfig */,
				44FA556392D66672596F0BC1 /* Pods-Login iOS.release.xcconfig */,
				F5A2BF3C5B48F4D39F0747B8 /* Pods-Login macOS.debug.xcconfig */,
				B3DDED0D324B7D005E2D604F /* Pods-Login macOS.release.xcconfig */,
				4D7FEEE6E1B5BED143504068 /* Pods-LoginTests.debug.xcconfig */,
				06D6291267E5B8D17E65477F /* Pods-LoginTests.release.xcconfig */,
				2CE58C77E66416A6934361E2 /* Pods-LoginUITests.debug.xcconfig */,
				02A0F60DB42D1BEF0D458228 /* Pods-LoginUITests.release.xcconfig */,
				577A00BC1BA9DB84011BA1C5 /* Pods-Login.debug.xcconfig */,
				9CF4665877DC083DCBB47E88 /* Pods-Login.release.xcconfig */,
			);
			name = Pods;
			sourceTree = "<group>";
		};
		EA129BED1CD2381B003DBD34 = {
			isa = PBXGroup;
			children = (
				EA5350151CD8C6600041381F /* Login */,
				EA8B0D571CE776F0001239F4 /* Apple OS */,
				EAD017F01CE78E3600A87055 /* Cross Platform */,
				EA129BF81CD2381C003DBD34 /* Login iOS */,
				EA129C181CD2381C003DBD34 /* Login iOS UITests */,
				EA35E4861CE73ABC005CFE53 /* Login macOS */,
				EA35E4981CE73ABC005CFE53 /* Login macOS UITests */,
				EA129C0D1CD2381C003DBD34 /* LoginTests */,
				79D4EC754FA3E930FF33F29D /* Pods */,
				468718DCFC1094F2CBF6242A /* Frameworks */,
				EA129BF71CD2381C003DBD34 /* Products */,
			);
			sourceTree = "<group>";
		};
		EA129BF71CD2381C003DBD34 /* Products */ = {
			isa = PBXGroup;
			children = (
				EA129BF61CD2381C003DBD34 /* Login.app */,
				EA129C0A1CD2381C003DBD34 /* LoginTests.xctest */,
				EA129C151CD2381C003DBD34 /* LoginUITests.xctest */,
				EA35E4851CE73ABC005CFE53 /* Login macOS.app */,
				EA35E4951CE73ABC005CFE53 /* Login macOSUITests.xctest */,
			);
			name = Products;
			sourceTree = "<group>";
		};
		EA129BF81CD2381C003DBD34 /* Login iOS */ = {
			isa = PBXGroup;
			children = (
				EA5350201CD8CCBC0041381F /* Supporting Files */,
				EA261B2F1CDB724A006AD9D6 /* Utilities */,
				EA129BFB1CD2381C003DBD34 /* LoginViewController.swift */,
				EAC0A6701CDBA8CC000CB230 /* LoginViewController+LoginView.swift */,
				EA129BFD1CD2381C003DBD34 /* Main.storyboard */,
				EA3482501CF0BC0F0066DEF6 /* InterApp */,
			);
			path = "Login iOS";
			sourceTree = "<group>";
		};
		EA129C0D1CD2381C003DBD34 /* LoginTests */ = {
			isa = PBXGroup;
			children = (
				EA5350221CD8CEF10041381F /* Login Presenter */,
				EAA7DEFB1CDA62CC00BEF317 /* Login Service */,
				EA5350211CD8CCC50041381F /* Supporting Files */,
				EAFF2C2F1CEE22F80025FC27 /* CredentialsTest.swift */,
			);
			path = LoginTests;
			sourceTree = "<group>";
		};
		EA129C181CD2381C003DBD34 /* Login iOS UITests */ = {
			isa = PBXGroup;
			children = (
				EAC0A6721CDBB034000CB230 /* Supporting Files */,
				EA129C191CD2381C003DBD34 /* LoginUITests.swift */,
			);
			path = "Login iOS UITests";
			sourceTree = "<group>";
		};
		EA261B2F1CDB724A006AD9D6 /* Utilities */ = {
			isa = PBXGroup;
			children = (
				EA261B2D1CDB70C9006AD9D6 /* AlertUtilities.swift */,
				EA261B2B1CDB6ED7006AD9D6 /* UITextFieldExtension.swift */,
			);
			path = Utilities;
			sourceTree = "<group>";
		};
		EA261B301CDB725C006AD9D6 /* Login Service */ = {
			isa = PBXGroup;
			children = (
				EA4938271CDD033700C07876 /* AlamofireLoginService.swift */,
				EA261B291CDB6DF5006AD9D6 /* LoginServiceFactory.swift */,
				EA4938281CDD033700C07876 /* Token+SwiftyJSON.swift */,
			);
			path = "Login Service";
			sourceTree = "<group>";
		};
		EA3482501CF0BC0F0066DEF6 /* InterApp */ = {
			isa = PBXGroup;
			children = (
				EA129BF91CD2381C003DBD34 /* AppDelegate.swift */,
				EAFF2C311CEE24DC0025FC27 /* Credentials+NSURL.swift */,
				EAFF2C351CEE255A0025FC27 /* InterAppViewController.swift */,
				EAFF2C371CEE2B970025FC27 /* InterAppViewController+LoginView.swift */,
			);
			name = InterApp;
			sourceTree = "<group>";
		};
		EA35E4861CE73ABC005CFE53 /* Login macOS */ = {
			isa = PBXGroup;
			children = (
				EA35E4A21CE73DFE005CFE53 /* Supporting Files */,
				EA35E4891CE73ABC005CFE53 /* LoginViewController.swift */,
				EA8B0D501CE773DA001239F4 /* LoginViewController+LoginView.swift */,
				EA35E48D1CE73ABC005CFE53 /* Main.storyboard */,
			);
			path = "Login macOS";
			sourceTree = "<group>";
		};
		EA35E4981CE73ABC005CFE53 /* Login macOS UITests */ = {
			isa = PBXGroup;
			children = (
				EA8B0D581CE781F1001239F4 /* Supporting Files */,
				EA35E4991CE73ABC005CFE53 /* LoginUITests.swift */,
			);
			path = "Login macOS UITests";
			sourceTree = "<group>";
		};
		EA35E4A21CE73DFE005CFE53 /* Supporting Files */ = {
			isa = PBXGroup;
			children = (
				EA35E4871CE73ABC005CFE53 /* AppDelegate.swift */,
				EA35E48B1CE73ABC005CFE53 /* Assets.xcassets */,
				EA35E4901CE73ABC005CFE53 /* Info.plist */,
			);
			path = "Supporting Files";
			sourceTree = "<group>";
		};
		EA5350151CD8C6600041381F /* Login */ = {
			isa = PBXGroup;
			children = (
				EAD017DC1CE78D8E00A87055 /* Credentials.swift */,
				EAD017DD1CE78D8E00A87055 /* LoginPresenter.swift */,
				EAD017DE1CE78D8E00A87055 /* LoginView.swift */,
				EAD017E01CE78D8E00A87055 /* Token.swift */,
				EA6F4F001CDA1D76001F764E /* Login Service */,
			);
			path = Login;
			sourceTree = "<group>";
		};
		EA5350201CD8CCBC0041381F /* Supporting Files */ = {
			isa = PBXGroup;
			children = (
				EA129C001CD2381C003DBD34 /* Assets.xcassets */,
				EA129C051CD2381C003DBD34 /* Info.plist */,
				EA129C021CD2381C003DBD34 /* LaunchScreen.storyboard */,
			);
			path = "Supporting Files";
			sourceTree = "<group>";
		};
		EA5350211CD8CCC50041381F /* Supporting Files */ = {
			isa = PBXGroup;
			children = (
				EA129C101CD2381C003DBD34 /* Info.plist */,
			);
			path = "Supporting Files";
			sourceTree = "<group>";
		};
		EA5350221CD8CEF10041381F /* Login Presenter */ = {
			isa = PBXGroup;
			children = (
				EAC0A6731CDBB042000CB230 /* Spies */,
				EA129C0E1CD2381C003DBD34 /* LoginPresenterTests.swift */,
			);
			path = "Login Presenter";
			sourceTree = "<group>";
		};
		EA6F4F001CDA1D76001F764E /* Login Service */ = {
			isa = PBXGroup;
			children = (
				EAD017F11CE791EC00A87055 /* LoginService.swift */,
				EAD017F21CE791EC00A87055 /* LoginServiceDelegate.swift */,
				EAD017F31CE791EC00A87055 /* RemoteLoginService.swift */,
			);
			path = "Login Service";
			sourceTree = "<group>";
		};
		EA8B0D571CE776F0001239F4 /* Apple OS */ = {
			isa = PBXGroup;
			children = (
				EA261B301CDB725C006AD9D6 /* Login Service */,
			);
			path = "Apple OS";
			sourceTree = "<group>";
		};
		EA8B0D581CE781F1001239F4 /* Supporting Files */ = {
			isa = PBXGroup;
			children = (
				EA35E49B1CE73ABC005CFE53 /* Info.plist */,
			);
			path = "Supporting Files";
			sourceTree = "<group>";
		};
		EAA7DEFB1CDA62CC00BEF317 /* Login Service */ = {
			isa = PBXGroup;
			children = (
				EAC0A6741CDBB047000CB230 /* Spy and Fake */,
				EA3972111CDA22A600E7898E /* LoginServiceTests.swift */,
			);
			path = "Login Service";
			sourceTree = "<group>";
		};
		EAC0A6721CDBB034000CB230 /* Supporting Files */ = {
			isa = PBXGroup;
			children = (
				EA129C1B1CD2381C003DBD34 /* Info.plist */,
			);
			path = "Supporting Files";
			sourceTree = "<group>";
		};
		EAC0A6731CDBB042000CB230 /* Spies */ = {
			isa = PBXGroup;
			children = (
				EA53501E1CD8CC9E0041381F /* SpyLoginService.swift */,
				EA53501C1CD8CC7D0041381F /* SpyLoginView.swift */,
			);
			path = Spies;
			sourceTree = "<group>";
		};
		EAC0A6741CDBB047000CB230 /* Spy and Fake */ = {
			isa = PBXGroup;
			children = (
				EAA7DEF71CDA622600BEF317 /* FakeRemoteLoginService.swift */,
				EAA7DEF91CDA625000BEF317 /* SpyLoginServiceDelegate.swift */,
			);
			path = "Spy and Fake";
			sourceTree = "<group>";
		};
		EAD017F01CE78E3600A87055 /* Cross Platform */ = {
			isa = PBXGroup;
			children = (
				EAD017EE1CE78E2D00A87055 /* Package.swift */,
				EAD017DF1CE78D8E00A87055 /* main.swift */,
				EABEA97A1CEB3E9800BD87BE /* LoginController.swift */,
				EABEA97B1CEB43BC00BD87BE /* Token+AnyObject.swift */,
				EABEA97C1CEB452600BD87BE /* MainController.swift */,
			);
			name = "Cross Platform";
			path = Login;
			sourceTree = "<group>";
		};
/* End PBXGroup section */

/* Begin PBXNativeTarget section */
		EA129BF51CD2381C003DBD34 /* Login */ = {
			isa = PBXNativeTarget;
			buildConfigurationList = EA129C1E1CD2381C003DBD34 /* Build configuration list for PBXNativeTarget "Login" */;
			buildPhases = (
				9CAE799DD8B22FC623BB11F6 /* 📦 Check Pods Manifest.lock */,
				EA129BF21CD2381C003DBD34 /* Sources */,
				EA129BF31CD2381C003DBD34 /* Frameworks */,
				EA129BF41CD2381C003DBD34 /* Resources */,
				EA6F4EFD1CDA1CC1001F764E /* Run Swiftlint Script */,
				E250AB5923787397B7D2E200 /* 📦 Embed Pods Frameworks */,
				019FCD8B2A0C06E0DDCFA60D /* 📦 Copy Pods Resources */,
			);
			buildRules = (
			);
			dependencies = (
			);
			name = Login;
			productName = Login;
			productReference = EA129BF61CD2381C003DBD34 /* Login.app */;
			productType = "com.apple.product-type.application";
		};
		EA129C091CD2381C003DBD34 /* LoginTests */ = {
			isa = PBXNativeTarget;
			buildConfigurationList = EA129C211CD2381C003DBD34 /* Build configuration list for PBXNativeTarget "LoginTests" */;
			buildPhases = (
				C4A7C81E71BAB1A06927BA13 /* 📦 Check Pods Manifest.lock */,
				EA129C061CD2381C003DBD34 /* Sources */,
				EA129C071CD2381C003DBD34 /* Frameworks */,
				EA129C081CD2381C003DBD34 /* Resources */,
				3A3FE9F7AB189D71ECFFD989 /* 📦 Embed Pods Frameworks */,
				BC08CA9948C054CBD1D14F0C /* 📦 Copy Pods Resources */,
			);
			buildRules = (
			);
			dependencies = (
				EA129C0C1CD2381C003DBD34 /* PBXTargetDependency */,
			);
			name = LoginTests;
			productName = LoginTests;
			productReference = EA129C0A1CD2381C003DBD34 /* LoginTests.xctest */;
			productType = "com.apple.product-type.bundle.unit-test";
		};
		EA129C141CD2381C003DBD34 /* LoginUITests */ = {
			isa = PBXNativeTarget;
			buildConfigurationList = EA129C241CD2381C003DBD34 /* Build configuration list for PBXNativeTarget "LoginUITests" */;
			buildPhases = (
				9912FBC49B1F58A80AC0C1E4 /* 📦 Check Pods Manifest.lock */,
				EA129C111CD2381C003DBD34 /* Sources */,
				EA129C121CD2381C003DBD34 /* Frameworks */,
				EA129C131CD2381C003DBD34 /* Resources */,
				59E513D7C30123F5E77728C5 /* 📦 Copy Pods Resources */,
			);
			buildRules = (
			);
			dependencies = (
				EA129C171CD2381C003DBD34 /* PBXTargetDependency */,
			);
			name = LoginUITests;
			productName = LoginUITests;
			productReference = EA129C151CD2381C003DBD34 /* LoginUITests.xctest */;
			productType = "com.apple.product-type.bundle.ui-testing";
		};
		EA35E4841CE73ABC005CFE53 /* Login macOS */ = {
			isa = PBXNativeTarget;
			buildConfigurationList = EA35E49C1CE73ABC005CFE53 /* Build configuration list for PBXNativeTarget "Login macOS" */;
			buildPhases = (
				4142B83F25364A10DDE18C1C /* 📦 Check Pods Manifest.lock */,
				EA35E4811CE73ABC005CFE53 /* Sources */,
				EA35E4821CE73ABC005CFE53 /* Frameworks */,
				EA35E4831CE73ABC005CFE53 /* Resources */,
				EB4194EDA5066F1AB1799B93 /* 📦 Embed Pods Frameworks */,
				56D91BF96983FF5308D16711 /* 📦 Copy Pods Resources */,
			);
			buildRules = (
			);
			dependencies = (
			);
			name = "Login macOS";
			productName = "Login macOS";
			productReference = EA35E4851CE73ABC005CFE53 /* Login macOS.app */;
			productType = "com.apple.product-type.application";
		};
		EA35E4941CE73ABC005CFE53 /* Login macOSUITests */ = {
			isa = PBXNativeTarget;
			buildConfigurationList = EA35E49F1CE73ABC005CFE53 /* Build configuration list for PBXNativeTarget "Login macOSUITests" */;
			buildPhases = (
				EA35E4911CE73ABC005CFE53 /* Sources */,
				EA35E4921CE73ABC005CFE53 /* Frameworks */,
				EA35E4931CE73ABC005CFE53 /* Resources */,
			);
			buildRules = (
			);
			dependencies = (
				EA35E4971CE73ABC005CFE53 /* PBXTargetDependency */,
			);
			name = "Login macOSUITests";
			productName = "Login macOSUITests";
			productReference = EA35E4951CE73ABC005CFE53 /* Login macOSUITests.xctest */;
			productType = "com.apple.product-type.bundle.ui-testing";
		};
/* End PBXNativeTarget section */

/* Begin PBXProject section */
		EA129BEE1CD2381B003DBD34 /* Project object */ = {
			isa = PBXProject;
			attributes = {
				LastSwiftUpdateCheck = 0730;
				LastUpgradeCheck = 0730;
				ORGANIZATIONNAME = tm;
				TargetAttributes = {
					EA129BF51CD2381C003DBD34 = {
						CreatedOnToolsVersion = 7.3;
					};
					EA129C091CD2381C003DBD34 = {
						CreatedOnToolsVersion = 7.3;
						TestTargetID = EA129BF51CD2381C003DBD34;
					};
					EA129C141CD2381C003DBD34 = {
						CreatedOnToolsVersion = 7.3;
						TestTargetID = EA129BF51CD2381C003DBD34;
					};
					EA35E4841CE73ABC005CFE53 = {
						CreatedOnToolsVersion = 7.3;
					};
					EA35E4941CE73ABC005CFE53 = {
						CreatedOnToolsVersion = 7.3;
						TestTargetID = EA35E4841CE73ABC005CFE53;
					};
				};
			};
			buildConfigurationList = EA129BF11CD2381B003DBD34 /* Build configuration list for PBXProject "Login" */;
			compatibilityVersion = "Xcode 3.2";
			developmentRegion = English;
			hasScannedForEncodings = 0;
			knownRegions = (
				en,
				Base,
			);
			mainGroup = EA129BED1CD2381B003DBD34;
			productRefGroup = EA129BF71CD2381C003DBD34 /* Products */;
			projectDirPath = "";
			projectRoot = "";
			targets = (
				EA129BF51CD2381C003DBD34 /* Login */,
				EA129C091CD2381C003DBD34 /* LoginTests */,
				EA129C141CD2381C003DBD34 /* LoginUITests */,
				EA35E4841CE73ABC005CFE53 /* Login macOS */,
				EA35E4941CE73ABC005CFE53 /* Login macOSUITests */,
			);
		};
/* End PBXProject section */

/* Begin PBXResourcesBuildPhase section */
		EA129BF41CD2381C003DBD34 /* Resources */ = {
			isa = PBXResourcesBuildPhase;
			buildActionMask = 2147483647;
			files = (
				EA129C041CD2381C003DBD34 /* LaunchScreen.storyboard in Resources */,
				EA129C011CD2381C003DBD34 /* Assets.xcassets in Resources */,
				EA129BFF1CD2381C003DBD34 /* Main.storyboard in Resources */,
			);
			runOnlyForDeploymentPostprocessing = 0;
		};
		EA129C081CD2381C003DBD34 /* Resources */ = {
			isa = PBXResourcesBuildPhase;
			buildActionMask = 2147483647;
			files = (
			);
			runOnlyForDeploymentPostprocessing = 0;
		};
		EA129C131CD2381C003DBD34 /* Resources */ = {
			isa = PBXResourcesBuildPhase;
			buildActionMask = 2147483647;
			files = (
			);
			runOnlyForDeploymentPostprocessing = 0;
		};
		EA35E4831CE73ABC005CFE53 /* Resources */ = {
			isa = PBXResourcesBuildPhase;
			buildActionMask = 2147483647;
			files = (
				EA35E48C1CE73ABC005CFE53 /* Assets.xcassets in Resources */,
				EA35E48F1CE73ABC005CFE53 /* Main.storyboard in Resources */,
			);
			runOnlyForDeploymentPostprocessing = 0;
		};
		EA35E4931CE73ABC005CFE53 /* Resources */ = {
			isa = PBXResourcesBuildPhase;
			buildActionMask = 2147483647;
			files = (
			);
			runOnlyForDeploymentPostprocessing = 0;
		};
/* End PBXResourcesBuildPhase section */

/* Begin PBXShellScriptBuildPhase section */
		019FCD8B2A0C06E0DDCFA60D /* 📦 Copy Pods Resources */ = {
			isa = PBXShellScriptBuildPhase;
			buildActionMask = 2147483647;
			files = (
			);
			inputPaths = (
			);
			name = "📦 Copy Pods Resources";
			outputPaths = (
			);
			runOnlyForDeploymentPostprocessing = 0;
			shellPath = /bin/sh;
			shellScript = "\"${SRCROOT}/Pods/Target Support Files/Pods-Login/Pods-Login-resources.sh\"\n";
			showEnvVarsInLog = 0;
		};
		3A3FE9F7AB189D71ECFFD989 /* 📦 Embed Pods Frameworks */ = {
			isa = PBXShellScriptBuildPhase;
			buildActionMask = 2147483647;
			files = (
			);
			inputPaths = (
			);
			name = "📦 Embed Pods Frameworks";
			outputPaths = (
			);
			runOnlyForDeploymentPostprocessing = 0;
			shellPath = /bin/sh;
			shellScript = "\"${SRCROOT}/Pods/Target Support Files/Pods-LoginTests/Pods-LoginTests-frameworks.sh\"\n";
			showEnvVarsInLog = 0;
		};
		4142B83F25364A10DDE18C1C /* 📦 Check Pods Manifest.lock */ = {
			isa = PBXShellScriptBuildPhase;
			buildActionMask = 2147483647;
			files = (
			);
			inputPaths = (
			);
			name = "📦 Check Pods Manifest.lock";
			outputPaths = (
			);
			runOnlyForDeploymentPostprocessing = 0;
			shellPath = /bin/sh;
			shellScript = "diff \"${PODS_ROOT}/../Podfile.lock\" \"${PODS_ROOT}/Manifest.lock\" > /dev/null\nif [[ $? != 0 ]] ; then\n    cat << EOM\nerror: The sandbox is not in sync with the Podfile.lock. Run 'pod install' or update your CocoaPods installation.\nEOM\n    exit 1\nfi\n";
			showEnvVarsInLog = 0;
		};
		56D91BF96983FF5308D16711 /* 📦 Copy Pods Resources */ = {
			isa = PBXShellScriptBuildPhase;
			buildActionMask = 2147483647;
			files = (
			);
			inputPaths = (
			);
			name = "📦 Copy Pods Resources";
			outputPaths = (
			);
			runOnlyForDeploymentPostprocessing = 0;
			shellPath = /bin/sh;
			shellScript = "\"${SRCROOT}/Pods/Target Support Files/Pods-Login macOS/Pods-Login macOS-resources.sh\"\n";
			showEnvVarsInLog = 0;
		};
		59E513D7C30123F5E77728C5 /* 📦 Copy Pods Resources */ = {
			isa = PBXShellScriptBuildPhase;
			buildActionMask = 2147483647;
			files = (
			);
			inputPaths = (
			);
			name = "📦 Copy Pods Resources";
			outputPaths = (
			);
			runOnlyForDeploymentPostprocessing = 0;
			shellPath = /bin/sh;
			shellScript = "\"${SRCROOT}/Pods/Target Support Files/Pods-LoginUITests/Pods-LoginUITests-resources.sh\"\n";
			showEnvVarsInLog = 0;
		};
		9912FBC49B1F58A80AC0C1E4 /* 📦 Check Pods Manifest.lock */ = {
			isa = PBXShellScriptBuildPhase;
			buildActionMask = 2147483647;
			files = (
			);
			inputPaths = (
			);
			name = "📦 Check Pods Manifest.lock";
			outputPaths = (
			);
			runOnlyForDeploymentPostprocessing = 0;
			shellPath = /bin/sh;
			shellScript = "diff \"${PODS_ROOT}/../Podfile.lock\" \"${PODS_ROOT}/Manifest.lock\" > /dev/null\nif [[ $? != 0 ]] ; then\n    cat << EOM\nerror: The sandbox is not in sync with the Podfile.lock. Run 'pod install' or update your CocoaPods installation.\nEOM\n    exit 1\nfi\n";
			showEnvVarsInLog = 0;
		};
		9CAE799DD8B22FC623BB11F6 /* 📦 Check Pods Manifest.lock */ = {
			isa = PBXShellScriptBuildPhase;
			buildActionMask = 2147483647;
			files = (
			);
			inputPaths = (
			);
			name = "📦 Check Pods Manifest.lock";
			outputPaths = (
			);
			runOnlyForDeploymentPostprocessing = 0;
			shellPath = /bin/sh;
			shellScript = "diff \"${PODS_ROOT}/../Podfile.lock\" \"${PODS_ROOT}/Manifest.lock\" > /dev/null\nif [[ $? != 0 ]] ; then\n    cat << EOM\nerror: The sandbox is not in sync with the Podfile.lock. Run 'pod install' or update your CocoaPods installation.\nEOM\n    exit 1\nfi\n";
			showEnvVarsInLog = 0;
		};
		BC08CA9948C054CBD1D14F0C /* 📦 Copy Pods Resources */ = {
			isa = PBXShellScriptBuildPhase;
			buildActionMask = 2147483647;
			files = (
			);
			inputPaths = (
			);
			name = "📦 Copy Pods Resources";
			outputPaths = (
			);
			runOnlyForDeploymentPostprocessing = 0;
			shellPath = /bin/sh;
			shellScript = "\"${SRCROOT}/Pods/Target Support Files/Pods-LoginTests/Pods-LoginTests-resources.sh\"\n";
			showEnvVarsInLog = 0;
		};
		C4A7C81E71BAB1A06927BA13 /* 📦 Check Pods Manifest.lock */ = {
			isa = PBXShellScriptBuildPhase;
			buildActionMask = 2147483647;
			files = (
			);
			inputPaths = (
			);
			name = "📦 Check Pods Manifest.lock";
			outputPaths = (
			);
			runOnlyForDeploymentPostprocessing = 0;
			shellPath = /bin/sh;
			shellScript = "diff \"${PODS_ROOT}/../Podfile.lock\" \"${PODS_ROOT}/Manifest.lock\" > /dev/null\nif [[ $? != 0 ]] ; then\n    cat << EOM\nerror: The sandbox is not in sync with the Podfile.lock. Run 'pod install' or update your CocoaPods installation.\nEOM\n    exit 1\nfi\n";
			showEnvVarsInLog = 0;
		};
		E250AB5923787397B7D2E200 /* 📦 Embed Pods Frameworks */ = {
			isa = PBXShellScriptBuildPhase;
			buildActionMask = 2147483647;
			files = (
			);
			inputPaths = (
			);
			name = "📦 Embed Pods Frameworks";
			outputPaths = (
			);
			runOnlyForDeploymentPostprocessing = 0;
			shellPath = /bin/sh;
			shellScript = "\"${SRCROOT}/Pods/Target Support Files/Pods-Login/Pods-Login-frameworks.sh\"\n";
			showEnvVarsInLog = 0;
		};
		EA6F4EFD1CDA1CC1001F764E /* Run Swiftlint Script */ = {
			isa = PBXShellScriptBuildPhase;
			buildActionMask = 2147483647;
			files = (
			);
			inputPaths = (
			);
			name = "Run Swiftlint Script";
			outputPaths = (
			);
			runOnlyForDeploymentPostprocessing = 0;
			shellPath = /bin/sh;
			shellScript = "if which swiftlint >/dev/null; then\nswiftlint\nelse\necho \"warning: SwiftLint not installed, download from https://github.com/realm/SwiftLint\"\nfi";
		};
		EB4194EDA5066F1AB1799B93 /* 📦 Embed Pods Frameworks */ = {
			isa = PBXShellScriptBuildPhase;
			buildActionMask = 2147483647;
			files = (
			);
			inputPaths = (
			);
			name = "📦 Embed Pods Frameworks";
			outputPaths = (
			);
			runOnlyForDeploymentPostprocessing = 0;
			shellPath = /bin/sh;
			shellScript = "\"${SRCROOT}/Pods/Target Support Files/Pods-Login macOS/Pods-Login macOS-frameworks.sh\"\n";
			showEnvVarsInLog = 0;
		};
/* End PBXShellScriptBuildPhase section */

/* Begin PBXSourcesBuildPhase section */
		EA129BF21CD2381C003DBD34 /* Sources */ = {
			isa = PBXSourcesBuildPhase;
			buildActionMask = 2147483647;
			files = (
				EA4938291CDD033700C07876 /* AlamofireLoginService.swift in Sources */,
				EAD017F41CE791EC00A87055 /* LoginService.swift in Sources */,
				EA261B2A1CDB6DF5006AD9D6 /* LoginServiceFactory.swift in Sources */,
				EA49382A1CDD033700C07876 /* Token+SwiftyJSON.swift in Sources */,
				EAFF2C361CEE255A0025FC27 /* InterAppViewController.swift in Sources */,
				EA261B2E1CDB70C9006AD9D6 /* AlertUtilities.swift in Sources */,
				EAD017E51CE78D8F00A87055 /* Token.swift in Sources */,
				EAD017F51CE791EC00A87055 /* LoginServiceDelegate.swift in Sources */,
				EA129BFC1CD2381C003DBD34 /* LoginViewController.swift in Sources */,
				EAD017E31CE78D8F00A87055 /* LoginView.swift in Sources */,
				EAD017E21CE78D8F00A87055 /* LoginPresenter.swift in Sources */,
				EAD017F61CE791EC00A87055 /* RemoteLoginService.swift in Sources */,
				EAFF2C381CEE2B970025FC27 /* InterAppViewController+LoginView.swift in Sources */,
				EA261B2C1CDB6ED7006AD9D6 /* UITextFieldExtension.swift in Sources */,
				EA129BFA1CD2381C003DBD34 /* AppDelegate.swift in Sources */,
				EAD017E61CE78D9F00A87055 /* Credentials.swift in Sources */,
				EAC0A6711CDBA8CC000CB230 /* LoginViewController+LoginView.swift in Sources */,
				EAFF2C321CEE24DC0025FC27 /* Credentials+NSURL.swift in Sources */,
			);
			runOnlyForDeploymentPostprocessing = 0;
		};
		EA129C061CD2381C003DBD34 /* Sources */ = {
			isa = PBXSourcesBuildPhase;
			buildActionMask = 2147483647;
			files = (
				EAFF2C301CEE22F80025FC27 /* CredentialsTest.swift in Sources */,
				EA53501F1CD8CC9E0041381F /* SpyLoginService.swift in Sources */,
				EAA7DEF81CDA622600BEF317 /* FakeRemoteLoginService.swift in Sources */,
				EA129C0F1CD2381C003DBD34 /* LoginPresenterTests.swift in Sources */,
				EA53501D1CD8CC7D0041381F /* SpyLoginView.swift in Sources */,
				EA3972121CDA22A600E7898E /* LoginServiceTests.swift in Sources */,
				EAA7DEFA1CDA625000BEF317 /* SpyLoginServiceDelegate.swift in Sources */,
			);
			runOnlyForDeploymentPostprocessing = 0;
		};
		EA129C111CD2381C003DBD34 /* Sources */ = {
			isa = PBXSourcesBuildPhase;
			buildActionMask = 2147483647;
			files = (
				EA129C1A1CD2381C003DBD34 /* LoginUITests.swift in Sources */,
			);
			runOnlyForDeploymentPostprocessing = 0;
		};
		EA35E4811CE73ABC005CFE53 /* Sources */ = {
			isa = PBXSourcesBuildPhase;
			buildActionMask = 2147483647;
			files = (
				EAD017E81CE78DA100A87055 /* LoginPresenter.swift in Sources */,
				EAD017EA1CE78DA100A87055 /* Token.swift in Sources */,
				EAD017F81CE791F300A87055 /* LoginServiceDelegate.swift in Sources */,
				EA8B0D541CE775EF001239F4 /* LoginServiceFactory.swift in Sources */,
				EA8B0D511CE773DA001239F4 /* LoginViewController+LoginView.swift in Sources */,
				EAD017E91CE78DA100A87055 /* LoginView.swift in Sources */,
				EA35E48A1CE73ABC005CFE53 /* LoginViewController.swift in Sources */,
				EAD017F71CE791F300A87055 /* LoginService.swift in Sources */,
				EAD017E71CE78DA100A87055 /* Credentials.swift in Sources */,
				EA35E4881CE73ABC005CFE53 /* AppDelegate.swift in Sources */,
				EA8B0D551CE775F3001239F4 /* Token+SwiftyJSON.swift in Sources */,
				EAD017F91CE791F300A87055 /* RemoteLoginService.swift in Sources */,
				EA8B0D561CE775F5001239F4 /* AlamofireLoginService.swift in Sources */,
			);
			runOnlyForDeploymentPostprocessing = 0;
		};
		EA35E4911CE73ABC005CFE53 /* Sources */ = {
			isa = PBXSourcesBuildPhase;
			buildActionMask = 2147483647;
			files = (
				EA35E49A1CE73ABC005CFE53 /* LoginUITests.swift in Sources */,
			);
			runOnlyForDeploymentPostprocessing = 0;
		};
/* End PBXSourcesBuildPhase section */

/* Begin PBXTargetDependency section */
		EA129C0C1CD2381C003DBD34 /* PBXTargetDependency */ = {
			isa = PBXTargetDependency;
			target = EA129BF51CD2381C003DBD34 /* Login */;
			targetProxy = EA129C0B1CD2381C003DBD34 /* PBXContainerItemProxy */;
		};
		EA129C171CD2381C003DBD34 /* PBXTargetDependency */ = {
			isa = PBXTargetDependency;
			target = EA129BF51CD2381C003DBD34 /* Login */;
			targetProxy = EA129C161CD2381C003DBD34 /* PBXContainerItemProxy */;
		};
		EA35E4971CE73ABC005CFE53 /* PBXTargetDependency */ = {
			isa = PBXTargetDependency;
			target = EA35E4841CE73ABC005CFE53 /* Login macOS */;
			targetProxy = EA35E4961CE73ABC005CFE53 /* PBXContainerItemProxy */;
		};
/* End PBXTargetDependency section */

/* Begin PBXVariantGroup section */
		EA129BFD1CD2381C003DBD34 /* Main.storyboard */ = {
			isa = PBXVariantGroup;
			children = (
				EA129BFE1CD2381C003DBD34 /* Base */,
			);
			name = Main.storyboard;
			path = .;
			sourceTree = "<group>";
		};
		EA129C021CD2381C003DBD34 /* LaunchScreen.storyboard */ = {
			isa = PBXVariantGroup;
			children = (
				EA129C031CD2381C003DBD34 /* Base */,
			);
			name = LaunchScreen.storyboard;
			path = .;
			sourceTree = "<group>";
		};
		EA35E48D1CE73ABC005CFE53 /* Main.storyboard */ = {
			isa = PBXVariantGroup;
			children = (
				EA35E48E1CE73ABC005CFE53 /* Base */,
			);
			name = Main.storyboard;
			path = .;
			sourceTree = "<group>";
		};
/* End PBXVariantGroup section */

/* Begin XCBuildConfiguration section */
		EA129C1C1CD2381C003DBD34 /* Debug */ = {
			isa = XCBuildConfiguration;
			buildSettings = {
				ALWAYS_SEARCH_USER_PATHS = NO;
				CLANG_ANALYZER_NONNULL = YES;
				CLANG_CXX_LANGUAGE_STANDARD = "gnu++0x";
				CLANG_CXX_LIBRARY = "libc++";
				CLANG_ENABLE_MODULES = YES;
				CLANG_ENABLE_OBJC_ARC = YES;
				CLANG_WARN_BOOL_CONVERSION = YES;
				CLANG_WARN_CONSTANT_CONVERSION = YES;
				CLANG_WARN_DIRECT_OBJC_ISA_USAGE = YES_ERROR;
				CLANG_WARN_EMPTY_BODY = YES;
				CLANG_WARN_ENUM_CONVERSION = YES;
				CLANG_WARN_INT_CONVERSION = YES;
				CLANG_WARN_OBJC_ROOT_CLASS = YES_ERROR;
				CLANG_WARN_UNREACHABLE_CODE = YES;
				CLANG_WARN__DUPLICATE_METHOD_MATCH = YES;
				"CODE_SIGN_IDENTITY[sdk=iphoneos*]" = "iPhone Developer";
				COPY_PHASE_STRIP = NO;
				DEBUG_INFORMATION_FORMAT = dwarf;
				ENABLE_STRICT_OBJC_MSGSEND = YES;
				ENABLE_TESTABILITY = YES;
				GCC_C_LANGUAGE_STANDARD = gnu99;
				GCC_DYNAMIC_NO_PIC = NO;
				GCC_NO_COMMON_BLOCKS = YES;
				GCC_OPTIMIZATION_LEVEL = 0;
				GCC_PREPROCESSOR_DEFINITIONS = (
					"DEBUG=1",
					"$(inherited)",
				);
				GCC_WARN_64_TO_32_BIT_CONVERSION = YES;
				GCC_WARN_ABOUT_RETURN_TYPE = YES_ERROR;
				GCC_WARN_UNDECLARED_SELECTOR = YES;
				GCC_WARN_UNINITIALIZED_AUTOS = YES_AGGRESSIVE;
				GCC_WARN_UNUSED_FUNCTION = YES;
				GCC_WARN_UNUSED_VARIABLE = YES;
				IPHONEOS_DEPLOYMENT_TARGET = 9.3;
				MTL_ENABLE_DEBUG_INFO = YES;
				ONLY_ACTIVE_ARCH = YES;
				SDKROOT = iphoneos;
				SWIFT_OPTIMIZATION_LEVEL = "-Onone";
				TARGETED_DEVICE_FAMILY = "1,2";
			};
			name = Debug;
		};
		EA129C1D1CD2381C003DBD34 /* Release */ = {
			isa = XCBuildConfiguration;
			buildSettings = {
				ALWAYS_SEARCH_USER_PATHS = NO;
				CLANG_ANALYZER_NONNULL = YES;
				CLANG_CXX_LANGUAGE_STANDARD = "gnu++0x";
				CLANG_CXX_LIBRARY = "libc++";
				CLANG_ENABLE_MODULES = YES;
				CLANG_ENABLE_OBJC_ARC = YES;
				CLANG_WARN_BOOL_CONVERSION = YES;
				CLANG_WARN_CONSTANT_CONVERSION = YES;
				CLANG_WARN_DIRECT_OBJC_ISA_USAGE = YES_ERROR;
				CLANG_WARN_EMPTY_BODY = YES;
				CLANG_WARN_ENUM_CONVERSION = YES;
				CLANG_WARN_INT_CONVERSION = YES;
				CLANG_WARN_OBJC_ROOT_CLASS = YES_ERROR;
				CLANG_WARN_UNREACHABLE_CODE = YES;
				CLANG_WARN__DUPLICATE_METHOD_MATCH = YES;
				"CODE_SIGN_IDENTITY[sdk=iphoneos*]" = "iPhone Developer";
				COPY_PHASE_STRIP = NO;
				DEBUG_INFORMATION_FORMAT = "dwarf-with-dsym";
				ENABLE_NS_ASSERTIONS = NO;
				ENABLE_STRICT_OBJC_MSGSEND = YES;
				GCC_C_LANGUAGE_STANDARD = gnu99;
				GCC_NO_COMMON_BLOCKS = YES;
				GCC_WARN_64_TO_32_BIT_CONVERSION = YES;
				GCC_WARN_ABOUT_RETURN_TYPE = YES_ERROR;
				GCC_WARN_UNDECLARED_SELECTOR = YES;
				GCC_WARN_UNINITIALIZED_AUTOS = YES_AGGRESSIVE;
				GCC_WARN_UNUSED_FUNCTION = YES;
				GCC_WARN_UNUSED_VARIABLE = YES;
				IPHONEOS_DEPLOYMENT_TARGET = 9.3;
				MTL_ENABLE_DEBUG_INFO = NO;
				SDKROOT = iphoneos;
				TARGETED_DEVICE_FAMILY = "1,2";
				VALIDATE_PRODUCT = YES;
			};
			name = Release;
		};
		EA129C1F1CD2381C003DBD34 /* Debug */ = {
			isa = XCBuildConfiguration;
			baseConfigurationReference = 577A00BC1BA9DB84011BA1C5 /* Pods-Login.debug.xcconfig */;
			buildSettings = {
				ASSETCATALOG_COMPILER_APPICON_NAME = AppIcon;
				INFOPLIST_FILE = "Login iOS/Supporting Files/Info.plist";
				LD_RUNPATH_SEARCH_PATHS = "$(inherited) @executable_path/Frameworks";
				PRODUCT_BUNDLE_IDENTIFIER = tm.Login;
				PRODUCT_NAME = "$(TARGET_NAME)";
			};
			name = Debug;
		};
		EA129C201CD2381C003DBD34 /* Release */ = {
			isa = XCBuildConfiguration;
			baseConfigurationReference = 9CF4665877DC083DCBB47E88 /* Pods-Login.release.xcconfig */;
			buildSettings = {
				ASSETCATALOG_COMPILER_APPICON_NAME = AppIcon;
				INFOPLIST_FILE = "Login iOS/Supporting Files/Info.plist";
				LD_RUNPATH_SEARCH_PATHS = "$(inherited) @executable_path/Frameworks";
				PRODUCT_BUNDLE_IDENTIFIER = tm.Login;
				PRODUCT_NAME = "$(TARGET_NAME)";
			};
			name = Release;
		};
		EA129C221CD2381C003DBD34 /* Debug */ = {
			isa = XCBuildConfiguration;
			baseConfigurationReference = 4D7FEEE6E1B5BED143504068 /* Pods-LoginTests.debug.xcconfig */;
			buildSettings = {
				BUNDLE_LOADER = "$(TEST_HOST)";
				INFOPLIST_FILE = "LoginTests/Supporting Files/Info.plist";
				LD_RUNPATH_SEARCH_PATHS = "$(inherited) @executable_path/Frameworks @loader_path/Frameworks";
				PRODUCT_BUNDLE_IDENTIFIER = tm.LoginTests;
				PRODUCT_NAME = "$(TARGET_NAME)";
				TEST_HOST = "$(BUILT_PRODUCTS_DIR)/Login.app/Login";
			};
			name = Debug;
		};
		EA129C231CD2381C003DBD34 /* Release */ = {
			isa = XCBuildConfiguration;
			baseConfigurationReference = 06D6291267E5B8D17E65477F /* Pods-LoginTests.release.xcconfig */;
			buildSettings = {
				BUNDLE_LOADER = "$(TEST_HOST)";
				INFOPLIST_FILE = "LoginTests/Supporting Files/Info.plist";
				LD_RUNPATH_SEARCH_PATHS = "$(inherited) @executable_path/Frameworks @loader_path/Frameworks";
				PRODUCT_BUNDLE_IDENTIFIER = tm.LoginTests;
				PRODUCT_NAME = "$(TARGET_NAME)";
				TEST_HOST = "$(BUILT_PRODUCTS_DIR)/Login.app/Login";
			};
			name = Release;
		};
		EA129C251CD2381C003DBD34 /* Debug */ = {
			isa = XCBuildConfiguration;
			baseConfigurationReference = 2CE58C77E66416A6934361E2 /* Pods-LoginUITests.debug.xcconfig */;
			buildSettings = {
				INFOPLIST_FILE = "Login iOS UITests/Supporting Files/Info.plist";
				LD_RUNPATH_SEARCH_PATHS = "$(inherited) @executable_path/Frameworks @loader_path/Frameworks";
				PRODUCT_BUNDLE_IDENTIFIER = tm.LoginUITests;
				PRODUCT_NAME = "$(TARGET_NAME)";
				TEST_TARGET_NAME = Login;
			};
			name = Debug;
		};
		EA129C261CD2381C003DBD34 /* Release */ = {
			isa = XCBuildConfiguration;
			baseConfigurationReference = 02A0F60DB42D1BEF0D458228 /* Pods-LoginUITests.release.xcconfig */;
			buildSettings = {
				INFOPLIST_FILE = "Login iOS UITests/Supporting Files/Info.plist";
				LD_RUNPATH_SEARCH_PATHS = "$(inherited) @executable_path/Frameworks @loader_path/Frameworks";
				PRODUCT_BUNDLE_IDENTIFIER = tm.LoginUITests;
				PRODUCT_NAME = "$(TARGET_NAME)";
				TEST_TARGET_NAME = Login;
			};
			name = Release;
		};
		EA35E49D1CE73ABC005CFE53 /* Debug */ = {
			isa = XCBuildConfiguration;
			baseConfigurationReference = F5A2BF3C5B48F4D39F0747B8 /* Pods-Login macOS.debug.xcconfig */;
			buildSettings = {
				ASSETCATALOG_COMPILER_APPICON_NAME = AppIcon;
				CODE_SIGN_IDENTITY = "-";
				COMBINE_HIDPI_IMAGES = YES;
				INFOPLIST_FILE = "Login macOS/Supporting Files/Info.plist";
				LD_RUNPATH_SEARCH_PATHS = "$(inherited) @executable_path/../Frameworks";
				MACOSX_DEPLOYMENT_TARGET = 10.11;
				PRODUCT_BUNDLE_IDENTIFIER = "tm.Login-macOS";
				PRODUCT_NAME = "$(TARGET_NAME)";
				SDKROOT = macosx;
			};
			name = Debug;
		};
		EA35E49E1CE73ABC005CFE53 /* Release */ = {
			isa = XCBuildConfiguration;
			baseConfigurationReference = B3DDED0D324B7D005E2D604F /* Pods-Login macOS.release.xcconfig */;
			buildSettings = {
				ASSETCATALOG_COMPILER_APPICON_NAME = AppIcon;
				CODE_SIGN_IDENTITY = "-";
				COMBINE_HIDPI_IMAGES = YES;
				INFOPLIST_FILE = "Login macOS/Supporting Files/Info.plist";
				LD_RUNPATH_SEARCH_PATHS = "$(inherited) @executable_path/../Frameworks";
				MACOSX_DEPLOYMENT_TARGET = 10.11;
				PRODUCT_BUNDLE_IDENTIFIER = "tm.Login-macOS";
				PRODUCT_NAME = "$(TARGET_NAME)";
				SDKROOT = macosx;
			};
			name = Release;
		};
		EA35E4A01CE73ABC005CFE53 /* Debug */ = {
			isa = XCBuildConfiguration;
			buildSettings = {
				CODE_SIGN_IDENTITY = "-";
				COMBINE_HIDPI_IMAGES = YES;
				INFOPLIST_FILE = "Login macOS UITests/Supporting Files/Info.plist";
				LD_RUNPATH_SEARCH_PATHS = "$(inherited) @executable_path/../Frameworks @loader_path/../Frameworks";
				MACOSX_DEPLOYMENT_TARGET = 10.11;
				PRODUCT_BUNDLE_IDENTIFIER = "tm.Login-macOSUITests";
				PRODUCT_NAME = "$(TARGET_NAME)";
				SDKROOT = macosx;
				TEST_TARGET_NAME = "Login macOS";
			};
			name = Debug;
		};
		EA35E4A11CE73ABC005CFE53 /* Release */ = {
			isa = XCBuildConfiguration;
			buildSettings = {
				CODE_SIGN_IDENTITY = "-";
				COMBINE_HIDPI_IMAGES = YES;
				INFOPLIST_FILE = "Login macOS UITests/Supporting Files/Info.plist";
				LD_RUNPATH_SEARCH_PATHS = "$(inherited) @executable_path/../Frameworks @loader_path/../Frameworks";
				MACOSX_DEPLOYMENT_TARGET = 10.11;
				PRODUCT_BUNDLE_IDENTIFIER = "tm.Login-macOSUITests";
				PRODUCT_NAME = "$(TARGET_NAME)";
				SDKROOT = macosx;
				TEST_TARGET_NAME = "Login macOS";
			};
			name = Release;
		};
/* End XCBuildConfiguration section */

/* Begin XCConfigurationList section */
		EA129BF11CD2381B003DBD34 /* Build configuration list for PBXProject "Login" */ = {
			isa = XCConfigurationList;
			buildConfigurations = (
				EA129C1C1CD2381C003DBD34 /* Debug */,
				EA129C1D1CD2381C003DBD34 /* Release */,
			);
			defaultConfigurationIsVisible = 0;
			defaultConfigurationName = Release;
		};
		EA129C1E1CD2381C003DBD34 /* Build configuration list for PBXNativeTarget "Login" */ = {
			isa = XCConfigurationList;
			buildConfigurations = (
				EA129C1F1CD2381C003DBD34 /* Debug */,
				EA129C201CD2381C003DBD34 /* Release */,
			);
			defaultConfigurationIsVisible = 0;
			defaultConfigurationName = Release;
		};
		EA129C211CD2381C003DBD34 /* Build configuration list for PBXNativeTarget "LoginTests" */ = {
			isa = XCConfigurationList;
			buildConfigurations = (
				EA129C221CD2381C003DBD34 /* Debug */,
				EA129C231CD2381C003DBD34 /* Release */,
			);
			defaultConfigurationIsVisible = 0;
			defaultConfigurationName = Release;
		};
		EA129C241CD2381C003DBD34 /* Build configuration list for PBXNativeTarget "LoginUITests" */ = {
			isa = XCConfigurationList;
			buildConfigurations = (
				EA129C251CD2381C003DBD34 /* Debug */,
				EA129C261CD2381C003DBD34 /* Release */,
			);
			defaultConfigurationIsVisible = 0;
			defaultConfigurationName = Release;
		};
		EA35E49C1CE73ABC005CFE53 /* Build configuration list for PBXNativeTarget "Login macOS" */ = {
			isa = XCConfigurationList;
			buildConfigurations = (
				EA35E49D1CE73ABC005CFE53 /* Debug */,
				EA35E49E1CE73ABC005CFE53 /* Release */,
			);
			defaultConfigurationIsVisible = 0;
			defaultConfigurationName = Release;
		};
		EA35E49F1CE73ABC005CFE53 /* Build configuration list for PBXNativeTarget "Login macOSUITests" */ = {
			isa = XCConfigurationList;
			buildConfigurations = (
				EA35E4A01CE73ABC005CFE53 /* Debug */,
				EA35E4A11CE73ABC005CFE53 /* Release */,
			);
			defaultConfigurationIsVisible = 0;
			defaultConfigurationName = Release;
		};
/* End XCConfigurationList section */
	};
	rootObject = EA129BEE1CD2381B003DBD34 /* Project object */;
}
